// !$*UTF8*$!
{
	archiveVersion = 1;
	classes = {
	};
	objectVersion = 46;
	objects = {

/* Begin PBXBuildFile section */
		3B0197E11B6A714A0068CF76 /* main.m in Sources */ = {isa = PBXBuildFile; fileRef = 3B0197E01B6A714A0068CF76 /* main.m */; };
		3B0197E41B6A714A0068CF76 /* AppDelegate.m in Sources */ = {isa = PBXBuildFile; fileRef = 3B0197E31B6A714A0068CF76 /* AppDelegate.m */; };
		3B0197E71B6A714A0068CF76 /* AXZHomeViewController.m in Sources */ = {isa = PBXBuildFile; fileRef = 3B0197E61B6A714A0068CF76 /* AXZHomeViewController.m */; };
		3B0197EA1B6A714A0068CF76 /* Main.storyboard in Resources */ = {isa = PBXBuildFile; fileRef = 3B0197E81B6A714A0068CF76 /* Main.storyboard */; };
		3B0197EC1B6A714A0068CF76 /* Images.xcassets in Resources */ = {isa = PBXBuildFile; fileRef = 3B0197EB1B6A714A0068CF76 /* Images.xcassets */; };
		3B0197EF1B6A714A0068CF76 /* LaunchScreen.xib in Resources */ = {isa = PBXBuildFile; fileRef = 3B0197ED1B6A714A0068CF76 /* LaunchScreen.xib */; };
		3B0197FB1B6A714A0068CF76 /* Axiz_Brain_RedTests.m in Sources */ = {isa = PBXBuildFile; fileRef = 3B0197FA1B6A714A0068CF76 /* Axiz_Brain_RedTests.m */; };
		3B0198061B6A723C0068CF76 /* AXZMeterView.m in Sources */ = {isa = PBXBuildFile; fileRef = 3B0198051B6A723C0068CF76 /* AXZMeterView.m */; };
		3B0198081B6A727A0068CF76 /* AXZMeterView.xib in Resources */ = {isa = PBXBuildFile; fileRef = 3B0198071B6A727A0068CF76 /* AXZMeterView.xib */; };
		3B0198161B6A760D0068CF76 /* inner_circle_km_red@2x.png in Resources */ = {isa = PBXBuildFile; fileRef = 3B01980E1B6A760D0068CF76 /* inner_circle_km_red@2x.png */; };
		3B0198171B6A760D0068CF76 /* inner_circle_mph_red@2x.png in Resources */ = {isa = PBXBuildFile; fileRef = 3B01980F1B6A760D0068CF76 /* inner_circle_mph_red@2x.png */; };
		3B01981E1B6A78550068CF76 /* info@2x.png in Resources */ = {isa = PBXBuildFile; fileRef = 3B01981A1B6A78550068CF76 /* info@2x.png */; };
		3B01981F1B6A78550068CF76 /* map@2x.png in Resources */ = {isa = PBXBuildFile; fileRef = 3B01981B1B6A78550068CF76 /* map@2x.png */; };
		3B0198201B6A78550068CF76 /* reset@2x.png in Resources */ = {isa = PBXBuildFile; fileRef = 3B01981C1B6A78550068CF76 /* reset@2x.png */; };
		3B0198211B6A78550068CF76 /* user@2x.png in Resources */ = {isa = PBXBuildFile; fileRef = 3B01981D1B6A78550068CF76 /* user@2x.png */; };
		3B0198231B6A7C2F0068CF76 /* backtomain@2x.png in Resources */ = {isa = PBXBuildFile; fileRef = 3B0198221B6A7C2F0068CF76 /* backtomain@2x.png */; };
		3B01982E1B6A993D0068CF76 /* AXZAsset.m in Sources */ = {isa = PBXBuildFile; fileRef = 3B01982D1B6A993D0068CF76 /* AXZAsset.m */; };
		3BEB5B371B6B885D004C3647 /* CoreMotion.framework in Frameworks */ = {isa = PBXBuildFile; fileRef = 3BEB5B361B6B885C004C3647 /* CoreMotion.framework */; };
		3BEB5B3A1B6CEFC1004C3647 /* AXZWebViewController.m in Sources */ = {isa = PBXBuildFile; fileRef = 3BEB5B391B6CEFC1004C3647 /* AXZWebViewController.m */; };
		3BEB5B3C1B6CEFFA004C3647 /* AXZWebViewController.xib in Resources */ = {isa = PBXBuildFile; fileRef = 3BEB5B3B1B6CEFFA004C3647 /* AXZWebViewController.xib */; };
		3BEB5B401B6CF272004C3647 /* AXZSettingViewController.m in Sources */ = {isa = PBXBuildFile; fileRef = 3BEB5B3E1B6CF272004C3647 /* AXZSettingViewController.m */; };
		3BEB5B411B6CF272004C3647 /* AXZSettingViewController.xib in Resources */ = {isa = PBXBuildFile; fileRef = 3BEB5B3F1B6CF272004C3647 /* AXZSettingViewController.xib */; };
		3BEB5B4A1B6CF50C004C3647 /* AXZBlueToothViewController.m in Sources */ = {isa = PBXBuildFile; fileRef = 3BEB5B481B6CF50C004C3647 /* AXZBlueToothViewController.m */; };
		3BEB5B4B1B6CF50C004C3647 /* AXZBlueToothViewController.xib in Resources */ = {isa = PBXBuildFile; fileRef = 3BEB5B491B6CF50C004C3647 /* AXZBlueToothViewController.xib */; };
		3BEB5B4E1B6CF742004C3647 /* noimage@2x.png in Resources */ = {isa = PBXBuildFile; fileRef = 3BEB5B4C1B6CF742004C3647 /* noimage@2x.png */; };
		3BEB5B4F1B6CF742004C3647 /* user_red_background@2x.png in Resources */ = {isa = PBXBuildFile; fileRef = 3BEB5B4D1B6CF742004C3647 /* user_red_background@2x.png */; };
		3BEB5B531B6CF8CA004C3647 /* user_red_35_background@2x.png in Resources */ = {isa = PBXBuildFile; fileRef = 3BEB5B521B6CF8CA004C3647 /* user_red_35_background@2x.png */; };
		3BEB5B551B6CFA18004C3647 /* bluetooth@2x.png in Resources */ = {isa = PBXBuildFile; fileRef = 3BEB5B541B6CFA18004C3647 /* bluetooth@2x.png */; };
		9D06848F1BB61BFC0046A74A /* AXZSlopeViewController.m in Sources */ = {isa = PBXBuildFile; fileRef = 9D06848B1BB61BFC0046A74A /* AXZSlopeViewController.m */; };
		9D0684901BB61BFC0046A74A /* AXZSlopeViewController.xib in Resources */ = {isa = PBXBuildFile; fileRef = 9D06848C1BB61BFC0046A74A /* AXZSlopeViewController.xib */; };
		9D0684941BB6256A0046A74A /* rider_slope@2x.png in Resources */ = {isa = PBXBuildFile; fileRef = 9D0684911BB6256A0046A74A /* rider_slope@2x.png */; };
		9D0684951BB6256A0046A74A /* slope_35_background@2x.png in Resources */ = {isa = PBXBuildFile; fileRef = 9D0684921BB6256A0046A74A /* slope_35_background@2x.png */; };
		9D0684961BB6256A0046A74A /* slope_background@2x.png in Resources */ = {isa = PBXBuildFile; fileRef = 9D0684931BB6256A0046A74A /* slope_background@2x.png */; };
		9D06849A1BB62A290046A74A /* AXZBankViewController.m in Sources */ = {isa = PBXBuildFile; fileRef = 9D0684981BB62A290046A74A /* AXZBankViewController.m */; };
		9D06849D1BB62AF70046A74A /* AXZBankViewController.xib in Resources */ = {isa = PBXBuildFile; fileRef = 9D06849C1BB62AF70046A74A /* AXZBankViewController.xib */; };
		9D0684A01BB62F7E0046A74A /* bank_35_background@2x.png in Resources */ = {isa = PBXBuildFile; fileRef = 9D06849E1BB62F7E0046A74A /* bank_35_background@2x.png */; };
		9D0684A11BB62F7E0046A74A /* bank_background@2x.png in Resources */ = {isa = PBXBuildFile; fileRef = 9D06849F1BB62F7E0046A74A /* bank_background@2x.png */; };
		9D0684AE1BB850140046A74A /* UIView+AXZUI.m in Sources */ = {isa = PBXBuildFile; fileRef = 9D0684AD1BB850140046A74A /* UIView+AXZUI.m */; };
		9D0684B11BB85B9B0046A74A /* UILabel+AXZUI.m in Sources */ = {isa = PBXBuildFile; fileRef = 9D0684B01BB85B9B0046A74A /* UILabel+AXZUI.m */; };
		9D46F4F81BB5812A00C1DB69 /* arrow_left@2x.png in Resources */ = {isa = PBXBuildFile; fileRef = 9D46F4F61BB5812A00C1DB69 /* arrow_left@2x.png */; };
		9D46F4F91BB5812A00C1DB69 /* arrow_right@2x.png in Resources */ = {isa = PBXBuildFile; fileRef = 9D46F4F71BB5812A00C1DB69 /* arrow_right@2x.png */; };
		9D7BB5CD1C2AEEB800532E0A /* km_hover_type1_55.png in Resources */ = {isa = PBXBuildFile; fileRef = 9D7BB5C11C2AEEB800532E0A /* km_hover_type1_55.png */; };
		9D7BB5CE1C2AEEB800532E0A /* km_hover_type2_55.png in Resources */ = {isa = PBXBuildFile; fileRef = 9D7BB5C21C2AEEB800532E0A /* km_hover_type2_55.png */; };
		9D7BB5CF1C2AEEB800532E0A /* km_hover_type3_55.png in Resources */ = {isa = PBXBuildFile; fileRef = 9D7BB5C31C2AEEB800532E0A /* km_hover_type3_55.png */; };
		9D7BB5D01C2AEEB800532E0A /* km_type1_55.png in Resources */ = {isa = PBXBuildFile; fileRef = 9D7BB5C41C2AEEB800532E0A /* km_type1_55.png */; };
		9D7BB5D11C2AEEB800532E0A /* km_type2_55.png in Resources */ = {isa = PBXBuildFile; fileRef = 9D7BB5C51C2AEEB800532E0A /* km_type2_55.png */; };
		9D7BB5D21C2AEEB800532E0A /* km_type3_55.png in Resources */ = {isa = PBXBuildFile; fileRef = 9D7BB5C61C2AEEB800532E0A /* km_type3_55.png */; };
		9D7BB5D31C2AEEB800532E0A /* mph_hover_type1_55.png in Resources */ = {isa = PBXBuildFile; fileRef = 9D7BB5C71C2AEEB800532E0A /* mph_hover_type1_55.png */; };
		9D7BB5D41C2AEEB800532E0A /* mph_hover_type2_55.png in Resources */ = {isa = PBXBuildFile; fileRef = 9D7BB5C81C2AEEB800532E0A /* mph_hover_type2_55.png */; };
		9D7BB5D51C2AEEB800532E0A /* mph_hover_type3_55.png in Resources */ = {isa = PBXBuildFile; fileRef = 9D7BB5C91C2AEEB800532E0A /* mph_hover_type3_55.png */; };
		9D7BB5D61C2AEEB800532E0A /* mph_type1_55.png in Resources */ = {isa = PBXBuildFile; fileRef = 9D7BB5CA1C2AEEB800532E0A /* mph_type1_55.png */; };
		9D7BB5D71C2AEEB800532E0A /* mph_type2_55.png in Resources */ = {isa = PBXBuildFile; fileRef = 9D7BB5CB1C2AEEB800532E0A /* mph_type2_55.png */; };
		9D7BB5D81C2AEEB800532E0A /* mph_type3_55.png in Resources */ = {isa = PBXBuildFile; fileRef = 9D7BB5CC1C2AEEB800532E0A /* mph_type3_55.png */; };
		9D9625C91C00AD290057DCE8 /* bank_if.png in Resources */ = {isa = PBXBuildFile; fileRef = 9D9625C11C00AD290057DCE8 /* bank_if.png */; };
		9D9625CA1C00AD290057DCE8 /* bank_if_55.png in Resources */ = {isa = PBXBuildFile; fileRef = 9D9625C21C00AD290057DCE8 /* bank_if_55.png */; };
		9D9625CF1C00AD290057DCE8 /* slope_if.png in Resources */ = {isa = PBXBuildFile; fileRef = 9D9625C71C00AD290057DCE8 /* slope_if.png */; };
		9D9625D01C00AD290057DCE8 /* slope_if_55.png in Resources */ = {isa = PBXBuildFile; fileRef = 9D9625C81C00AD290057DCE8 /* slope_if_55.png */; };
		9DDBBC141C22C36A000B9A21 /* rider_slope.png in Resources */ = {isa = PBXBuildFile; fileRef = 9DDBBC131C22C36A000B9A21 /* rider_slope.png */; };
		9DDBBC161C22D1E0000B9A21 /* hari-center.png in Resources */ = {isa = PBXBuildFile; fileRef = 9DDBBC151C22D1E0000B9A21 /* hari-center.png */; };
		9DDBBC1A1C22E144000B9A21 /* rider_bank@2x.png in Resources */ = {isa = PBXBuildFile; fileRef = 9DDBBC191C22E144000B9A21 /* rider_bank@2x.png */; };
		9DE5456A1BFADE1B00400819 /* bikers_bg.png in Resources */ = {isa = PBXBuildFile; fileRef = 9DE545041BFADE1B00400819 /* bikers_bg.png */; };
		9DE5456B1BFADE1B00400819 /* bikers_if.png in Resources */ = {isa = PBXBuildFile; fileRef = 9DE545051BFADE1B00400819 /* bikers_if.png */; };
		9DE5456C1BFADE1B00400819 /* bikers_if_55.png in Resources */ = {isa = PBXBuildFile; fileRef = 9DE545061BFADE1B00400819 /* bikers_if_55.png */; };
		9DE5456D1BFADE1B00400819 /* cbr_bg.png in Resources */ = {isa = PBXBuildFile; fileRef = 9DE545081BFADE1B00400819 /* cbr_bg.png */; };
		9DE5456E1BFADE1B00400819 /* cbr_if.png in Resources */ = {isa = PBXBuildFile; fileRef = 9DE545091BFADE1B00400819 /* cbr_if.png */; };
		9DE5456F1BFADE1B00400819 /* cbr_if_55.png in Resources */ = {isa = PBXBuildFile; fileRef = 9DE5450A1BFADE1B00400819 /* cbr_if_55.png */; };
		9DE545751BFADE1B00400819 /* df_red_if.png in Resources */ = {isa = PBXBuildFile; fileRef = 9DE545111BFADE1B00400819 /* df_red_if.png */; };
		9DE545761BFADE1B00400819 /* df_red_if_55.png in Resources */ = {isa = PBXBuildFile; fileRef = 9DE545121BFADE1B00400819 /* df_red_if_55.png */; };
		9DE545771BFADE1B00400819 /* kkk_bg.png in Resources */ = {isa = PBXBuildFile; fileRef = 9DE545141BFADE1B00400819 /* kkk_bg.png */; };
		9DE545781BFADE1B00400819 /* kkk_if.png in Resources */ = {isa = PBXBuildFile; fileRef = 9DE545151BFADE1B00400819 /* kkk_if.png */; };
		9DE545791BFADE1B00400819 /* kkk_if_55.png in Resources */ = {isa = PBXBuildFile; fileRef = 9DE545161BFADE1B00400819 /* kkk_if_55.png */; };
		9DE5457A1BFADE1B00400819 /* mmw_if.png in Resources */ = {isa = PBXBuildFile; fileRef = 9DE545181BFADE1B00400819 /* mmw_if.png */; };
		9DE5457B1BFADE1B00400819 /* mmw_if_55.png in Resources */ = {isa = PBXBuildFile; fileRef = 9DE545191BFADE1B00400819 /* mmw_if_55.png */; };
		9DE5457C1BFADE1B00400819 /* motochamp_bg.png in Resources */ = {isa = PBXBuildFile; fileRef = 9DE5451A1BFADE1B00400819 /* motochamp_bg.png */; };
		9DE5457D1BFADE1B00400819 /* motomoto_bg.png in Resources */ = {isa = PBXBuildFile; fileRef = 9DE5451B1BFADE1B00400819 /* motomoto_bg.png */; };
		9DE5457E1BFADE1B00400819 /* webike_bg.png in Resources */ = {isa = PBXBuildFile; fileRef = 9DE5451C1BFADE1B00400819 /* webike_bg.png */; };
		9DE5457F1BFADE1B00400819 /* backtomain.png in Resources */ = {isa = PBXBuildFile; fileRef = 9DE5451E1BFADE1B00400819 /* backtomain.png */; };
		9DE545801BFADE1B00400819 /* bluetooth.png in Resources */ = {isa = PBXBuildFile; fileRef = 9DE5451F1BFADE1B00400819 /* bluetooth.png */; };
		9DE545811BFADE1B00400819 /* hari-center_55.png in Resources */ = {isa = PBXBuildFile; fileRef = 9DE545201BFADE1B00400819 /* hari-center_55.png */; };
		9DE545821BFADE1B00400819 /* info.png in Resources */ = {isa = PBXBuildFile; fileRef = 9DE545211BFADE1B00400819 /* info.png */; };
		9DE545831BFADE1B00400819 /* innercircle_km_type1.png in Resources */ = {isa = PBXBuildFile; fileRef = 9DE545241BFADE1B00400819 /* innercircle_km_type1.png */; };
		9DE545841BFADE1B00400819 /* innercircle_km_type2.png in Resources */ = {isa = PBXBuildFile; fileRef = 9DE545251BFADE1B00400819 /* innercircle_km_type2.png */; };
		9DE545851BFADE1B00400819 /* innercircle_km_type3.png in Resources */ = {isa = PBXBuildFile; fileRef = 9DE545261BFADE1B00400819 /* innercircle_km_type3.png */; };
		9DE545861BFADE1B00400819 /* innercircle_mph_type1.png in Resources */ = {isa = PBXBuildFile; fileRef = 9DE545271BFADE1B00400819 /* innercircle_mph_type1.png */; };
		9DE545871BFADE1B00400819 /* innercircle_mph_type2.png in Resources */ = {isa = PBXBuildFile; fileRef = 9DE545281BFADE1B00400819 /* innercircle_mph_type2.png */; };
		9DE545881BFADE1B00400819 /* innercircle_mph_type3.png in Resources */ = {isa = PBXBuildFile; fileRef = 9DE545291BFADE1B00400819 /* innercircle_mph_type3.png */; };
		9DE545891BFADE1B00400819 /* km_hover_type1.png in Resources */ = {isa = PBXBuildFile; fileRef = 9DE5452A1BFADE1B00400819 /* km_hover_type1.png */; };
		9DE5458A1BFADE1B00400819 /* km_hover_type2.png in Resources */ = {isa = PBXBuildFile; fileRef = 9DE5452B1BFADE1B00400819 /* km_hover_type2.png */; };
		9DE5458B1BFADE1B00400819 /* km_hover_type3.png in Resources */ = {isa = PBXBuildFile; fileRef = 9DE5452C1BFADE1B00400819 /* km_hover_type3.png */; };
		9DE5458C1BFADE1B00400819 /* km_type1.png in Resources */ = {isa = PBXBuildFile; fileRef = 9DE5452D1BFADE1B00400819 /* km_type1.png */; };
		9DE5458D1BFADE1B00400819 /* km_type2.png in Resources */ = {isa = PBXBuildFile; fileRef = 9DE5452E1BFADE1B00400819 /* km_type2.png */; };
		9DE5458E1BFADE1B00400819 /* km_type3.png in Resources */ = {isa = PBXBuildFile; fileRef = 9DE5452F1BFADE1B00400819 /* km_type3.png */; };
		9DE5458F1BFADE1B00400819 /* mph_hover_type1.png in Resources */ = {isa = PBXBuildFile; fileRef = 9DE545301BFADE1B00400819 /* mph_hover_type1.png */; };
		9DE545901BFADE1B00400819 /* mph_hover_type2.png in Resources */ = {isa = PBXBuildFile; fileRef = 9DE545311BFADE1B00400819 /* mph_hover_type2.png */; };
		9DE545911BFADE1B00400819 /* mph_hover_type3.png in Resources */ = {isa = PBXBuildFile; fileRef = 9DE545321BFADE1B00400819 /* mph_hover_type3.png */; };
		9DE545921BFADE1B00400819 /* mph_type1.png in Resources */ = {isa = PBXBuildFile; fileRef = 9DE545331BFADE1B00400819 /* mph_type1.png */; };
		9DE545931BFADE1B00400819 /* mph_type2.png in Resources */ = {isa = PBXBuildFile; fileRef = 9DE545341BFADE1B00400819 /* mph_type2.png */; };
		9DE545941BFADE1B00400819 /* mph_type3.png in Resources */ = {isa = PBXBuildFile; fileRef = 9DE545351BFADE1B00400819 /* mph_type3.png */; };
		9DE545951BFADE1B00400819 /* innercircle_km_type1_55.png in Resources */ = {isa = PBXBuildFile; fileRef = 9DE545371BFADE1B00400819 /* innercircle_km_type1_55.png */; };
		9DE545961BFADE1B00400819 /* innercircle_km_type2_55.png in Resources */ = {isa = PBXBuildFile; fileRef = 9DE545381BFADE1B00400819 /* innercircle_km_type2_55.png */; };
		9DE545971BFADE1B00400819 /* innercircle_km_type3_55.png in Resources */ = {isa = PBXBuildFile; fileRef = 9DE545391BFADE1B00400819 /* innercircle_km_type3_55.png */; };
		9DE545981BFADE1B00400819 /* innercircle_mph_type1_55.png in Resources */ = {isa = PBXBuildFile; fileRef = 9DE5453A1BFADE1B00400819 /* innercircle_mph_type1_55.png */; };
		9DE545991BFADE1B00400819 /* innercircle_mph_type2_55.png in Resources */ = {isa = PBXBuildFile; fileRef = 9DE5453B1BFADE1B00400819 /* innercircle_mph_type2_55.png */; };
		9DE5459A1BFADE1B00400819 /* innercircle_mph_type3_55.png in Resources */ = {isa = PBXBuildFile; fileRef = 9DE5453C1BFADE1B00400819 /* innercircle_mph_type3_55.png */; };
		9DE5459B1BFADE1B00400819 /* km_hover_type1_55.png in Resources */ = {isa = PBXBuildFile; fileRef = 9DE5453D1BFADE1B00400819 /* km_hover_type1_55.png */; };
		9DE5459C1BFADE1B00400819 /* km_hover_type2_55.png in Resources */ = {isa = PBXBuildFile; fileRef = 9DE5453E1BFADE1B00400819 /* km_hover_type2_55.png */; };
		9DE5459D1BFADE1B00400819 /* km_hover_type3_55.png in Resources */ = {isa = PBXBuildFile; fileRef = 9DE5453F1BFADE1B00400819 /* km_hover_type3_55.png */; };
		9DE5459E1BFADE1B00400819 /* km_type1_55.png in Resources */ = {isa = PBXBuildFile; fileRef = 9DE545401BFADE1B00400819 /* km_type1_55.png */; };
		9DE5459F1BFADE1B00400819 /* km_type2_55.png in Resources */ = {isa = PBXBuildFile; fileRef = 9DE545411BFADE1B00400819 /* km_type2_55.png */; };
		9DE545A01BFADE1B00400819 /* km_type3_55.png in Resources */ = {isa = PBXBuildFile; fileRef = 9DE545421BFADE1B00400819 /* km_type3_55.png */; };
		9DE545A11BFADE1B00400819 /* mph_hover_type1_55.png in Resources */ = {isa = PBXBuildFile; fileRef = 9DE545431BFADE1B00400819 /* mph_hover_type1_55.png */; };
		9DE545A21BFADE1B00400819 /* mph_hover_type2_55.png in Resources */ = {isa = PBXBuildFile; fileRef = 9DE545441BFADE1B00400819 /* mph_hover_type2_55.png */; };
		9DE545A31BFADE1B00400819 /* mph_hover_type3_55.png in Resources */ = {isa = PBXBuildFile; fileRef = 9DE545451BFADE1B00400819 /* mph_hover_type3_55.png */; };
		9DE545A41BFADE1B00400819 /* mph_type1_55.png in Resources */ = {isa = PBXBuildFile; fileRef = 9DE545461BFADE1B00400819 /* mph_type1_55.png */; };
		9DE545A51BFADE1B00400819 /* mph_type2_55.png in Resources */ = {isa = PBXBuildFile; fileRef = 9DE545471BFADE1B00400819 /* mph_type2_55.png */; };
		9DE545A61BFADE1B00400819 /* mph_type3_55.png in Resources */ = {isa = PBXBuildFile; fileRef = 9DE545481BFADE1B00400819 /* mph_type3_55.png */; };
		9DE545A71BFADE1B00400819 /* map.png in Resources */ = {isa = PBXBuildFile; fileRef = 9DE545491BFADE1B00400819 /* map.png */; };
		9DE545A81BFADE1B00400819 /* reset.png in Resources */ = {isa = PBXBuildFile; fileRef = 9DE5454A1BFADE1B00400819 /* reset.png */; };
		9DE545A91BFADE1B00400819 /* setting.png in Resources */ = {isa = PBXBuildFile; fileRef = 9DE5454B1BFADE1B00400819 /* setting.png */; };
		9DE545AA1BFADE1B00400819 /* user.png in Resources */ = {isa = PBXBuildFile; fileRef = 9DE5454C1BFADE1B00400819 /* user.png */; };
		9DE545AB1BFADE1B00400819 /* axiz.png in Resources */ = {isa = PBXBuildFile; fileRef = 9DE5454E1BFADE1B00400819 /* axiz.png */; };
		9DE545AC1BFADE1B00400819 /* axiz_55.png in Resources */ = {isa = PBXBuildFile; fileRef = 9DE5454F1BFADE1B00400819 /* axiz_55.png */; };
		9DE545AD1BFADE1B00400819 /* black.png in Resources */ = {isa = PBXBuildFile; fileRef = 9DE545501BFADE1B00400819 /* black.png */; };
		9DE545AE1BFADE1B00400819 /* black_55.png in Resources */ = {isa = PBXBuildFile; fileRef = 9DE545511BFADE1B00400819 /* black_55.png */; };
		9DE545AF1BFADE1B00400819 /* blue.png in Resources */ = {isa = PBXBuildFile; fileRef = 9DE545521BFADE1B00400819 /* blue.png */; };
		9DE545B01BFADE1B00400819 /* blue_55.png in Resources */ = {isa = PBXBuildFile; fileRef = 9DE545531BFADE1B00400819 /* blue_55.png */; };
		9DE545B11BFADE1B00400819 /* chrome.png in Resources */ = {isa = PBXBuildFile; fileRef = 9DE545541BFADE1B00400819 /* chrome.png */; };
		9DE545B21BFADE1B00400819 /* chrome_55.png in Resources */ = {isa = PBXBuildFile; fileRef = 9DE545551BFADE1B00400819 /* chrome_55.png */; };
		9DE545B31BFADE1B00400819 /* kiken.png in Resources */ = {isa = PBXBuildFile; fileRef = 9DE545561BFADE1B00400819 /* kiken.png */; };
		9DE545B41BFADE1B00400819 /* kiken_55.png in Resources */ = {isa = PBXBuildFile; fileRef = 9DE545571BFADE1B00400819 /* kiken_55.png */; };
		9DE545B51BFADE1B00400819 /* red.png in Resources */ = {isa = PBXBuildFile; fileRef = 9DE545581BFADE1B00400819 /* red.png */; };
		9DE545B61BFADE1B00400819 /* red_55.png in Resources */ = {isa = PBXBuildFile; fileRef = 9DE545591BFADE1B00400819 /* red_55.png */; };
		9DE545B71BFADE1B00400819 /* bluetooth_if.png in Resources */ = {isa = PBXBuildFile; fileRef = 9DE5455B1BFADE1B00400819 /* bluetooth_if.png */; };
		9DE545B81BFADE1B00400819 /* bluetooth_if_55.png in Resources */ = {isa = PBXBuildFile; fileRef = 9DE5455C1BFADE1B00400819 /* bluetooth_if_55.png */; };
		9DE545B91BFADE1B00400819 /* noimage_55.png in Resources */ = {isa = PBXBuildFile; fileRef = 9DE5455D1BFADE1B00400819 /* noimage_55.png */; };
		9DE545BA1BFADE1B00400819 /* user_black_if.png in Resources */ = {isa = PBXBuildFile; fileRef = 9DE5455E1BFADE1B00400819 /* user_black_if.png */; };
		9DE545BB1BFADE1B00400819 /* user_black_if_55.png in Resources */ = {isa = PBXBuildFile; fileRef = 9DE5455F1BFADE1B00400819 /* user_black_if_55.png */; };
		9DE545BC1BFADE1B00400819 /* user_blue_if.png in Resources */ = {isa = PBXBuildFile; fileRef = 9DE545601BFADE1B00400819 /* user_blue_if.png */; };
		9DE545BD1BFADE1B00400819 /* user_blue_if_55.png in Resources */ = {isa = PBXBuildFile; fileRef = 9DE545611BFADE1B00400819 /* user_blue_if_55.png */; };
		9DE545BE1BFADE1B00400819 /* user_chrome_if.png in Resources */ = {isa = PBXBuildFile; fileRef = 9DE545621BFADE1B00400819 /* user_chrome_if.png */; };
		9DE545BF1BFADE1B00400819 /* user_chrome_if_55.png in Resources */ = {isa = PBXBuildFile; fileRef = 9DE545631BFADE1B00400819 /* user_chrome_if_55.png */; };
		9DE545C01BFADE1B00400819 /* user_red_if.png in Resources */ = {isa = PBXBuildFile; fileRef = 9DE545641BFADE1B00400819 /* user_red_if.png */; };
		9DE545C11BFADE1B00400819 /* user_red_if_55.png in Resources */ = {isa = PBXBuildFile; fileRef = 9DE545651BFADE1B00400819 /* user_red_if_55.png */; };
		9DE545C21BFADE1B00400819 /* xspeed_bg.png in Resources */ = {isa = PBXBuildFile; fileRef = 9DE545671BFADE1B00400819 /* xspeed_bg.png */; };
		9DE545C31BFADE1B00400819 /* xspeed_if.png in Resources */ = {isa = PBXBuildFile; fileRef = 9DE545681BFADE1B00400819 /* xspeed_if.png */; };
		9DE545C41BFADE1B00400819 /* xspeed_if_55.png in Resources */ = {isa = PBXBuildFile; fileRef = 9DE545691BFADE1B00400819 /* xspeed_if_55.png */; };
		9DE545C81BFAE2D800400819 /* df_bk_bg.png in Resources */ = {isa = PBXBuildFile; fileRef = 9DE545C51BFAE2D800400819 /* df_bk_bg.png */; };
/* End PBXBuildFile section */

/* Begin PBXContainerItemProxy section */
		3B0197F51B6A714A0068CF76 /* PBXContainerItemProxy */ = {
			isa = PBXContainerItemProxy;
			containerPortal = 3B0197D31B6A714A0068CF76 /* Project object */;
			proxyType = 1;
			remoteGlobalIDString = 3B0197DA1B6A714A0068CF76;
			remoteInfo = "Axiz Brain Red";
		};
/* End PBXContainerItemProxy section */

/* Begin PBXFileReference section */
		3B0197DB1B6A714A0068CF76 /* Axiz Brain Red.app */ = {isa = PBXFileReference; explicitFileType = wrapper.application; includeInIndex = 0; path = "Axiz Brain Red.app"; sourceTree = BUILT_PRODUCTS_DIR; };
		3B0197DF1B6A714A0068CF76 /* Info.plist */ = {isa = PBXFileReference; lastKnownFileType = text.plist.xml; path = Info.plist; sourceTree = "<group>"; };
		3B0197E01B6A714A0068CF76 /* main.m */ = {isa = PBXFileReference; lastKnownFileType = sourcecode.c.objc; path = main.m; sourceTree = "<group>"; };
		3B0197E21B6A714A0068CF76 /* AppDelegate.h */ = {isa = PBXFileReference; lastKnownFileType = sourcecode.c.h; path = AppDelegate.h; sourceTree = "<group>"; };
		3B0197E31B6A714A0068CF76 /* AppDelegate.m */ = {isa = PBXFileReference; lastKnownFileType = sourcecode.c.objc; path = AppDelegate.m; sourceTree = "<group>"; };
		3B0197E51B6A714A0068CF76 /* AXZHomeViewController.h */ = {isa = PBXFileReference; lastKnownFileType = sourcecode.c.h; path = AXZHomeViewController.h; sourceTree = "<group>"; };
		3B0197E61B6A714A0068CF76 /* AXZHomeViewController.m */ = {isa = PBXFileReference; lastKnownFileType = sourcecode.c.objc; path = AXZHomeViewController.m; sourceTree = "<group>"; };
		3B0197E91B6A714A0068CF76 /* Base */ = {isa = PBXFileReference; lastKnownFileType = file.storyboard; name = Base; path = Base.lproj/Main.storyboard; sourceTree = "<group>"; };
		3B0197EB1B6A714A0068CF76 /* Images.xcassets */ = {isa = PBXFileReference; lastKnownFileType = folder.assetcatalog; path = Images.xcassets; sourceTree = "<group>"; };
		3B0197EE1B6A714A0068CF76 /* Base */ = {isa = PBXFileReference; lastKnownFileType = file.xib; name = Base; path = Base.lproj/LaunchScreen.xib; sourceTree = "<group>"; };
		3B0197F41B6A714A0068CF76 /* Axiz Brain RedTests.xctest */ = {isa = PBXFileReference; explicitFileType = wrapper.cfbundle; includeInIndex = 0; path = "Axiz Brain RedTests.xctest"; sourceTree = BUILT_PRODUCTS_DIR; };
		3B0197F91B6A714A0068CF76 /* Info.plist */ = {isa = PBXFileReference; lastKnownFileType = text.plist.xml; path = Info.plist; sourceTree = "<group>"; };
		3B0197FA1B6A714A0068CF76 /* Axiz_Brain_RedTests.m */ = {isa = PBXFileReference; lastKnownFileType = sourcecode.c.objc; path = Axiz_Brain_RedTests.m; sourceTree = "<group>"; };
		3B0198041B6A723C0068CF76 /* AXZMeterView.h */ = {isa = PBXFileReference; fileEncoding = 4; lastKnownFileType = sourcecode.c.h; path = AXZMeterView.h; sourceTree = "<group>"; };
		3B0198051B6A723C0068CF76 /* AXZMeterView.m */ = {isa = PBXFileReference; fileEncoding = 4; lastKnownFileType = sourcecode.c.objc; path = AXZMeterView.m; sourceTree = "<group>"; };
		3B0198071B6A727A0068CF76 /* AXZMeterView.xib */ = {isa = PBXFileReference; fileEncoding = 4; lastKnownFileType = file.xib; path = AXZMeterView.xib; sourceTree = "<group>"; };
		3B01980E1B6A760D0068CF76 /* inner_circle_km_red@2x.png */ = {isa = PBXFileReference; lastKnownFileType = image.png; name = "inner_circle_km_red@2x.png"; path = "png/inner_circle_km_red@2x.png"; sourceTree = "<group>"; };
		3B01980F1B6A760D0068CF76 /* inner_circle_mph_red@2x.png */ = {isa = PBXFileReference; lastKnownFileType = image.png; name = "inner_circle_mph_red@2x.png"; path = "png/inner_circle_mph_red@2x.png"; sourceTree = "<group>"; };
		3B01981A1B6A78550068CF76 /* info@2x.png */ = {isa = PBXFileReference; lastKnownFileType = image.png; name = "info@2x.png"; path = "png/info@2x.png"; sourceTree = "<group>"; };
		3B01981B1B6A78550068CF76 /* map@2x.png */ = {isa = PBXFileReference; lastKnownFileType = image.png; name = "map@2x.png"; path = "png/map@2x.png"; sourceTree = "<group>"; };
		3B01981C1B6A78550068CF76 /* reset@2x.png */ = {isa = PBXFileReference; lastKnownFileType = image.png; name = "reset@2x.png"; path = "png/reset@2x.png"; sourceTree = "<group>"; };
		3B01981D1B6A78550068CF76 /* user@2x.png */ = {isa = PBXFileReference; lastKnownFileType = image.png; name = "user@2x.png"; path = "png/user@2x.png"; sourceTree = "<group>"; };
		3B0198221B6A7C2F0068CF76 /* backtomain@2x.png */ = {isa = PBXFileReference; lastKnownFileType = image.png; name = "backtomain@2x.png"; path = "png/backtomain@2x.png"; sourceTree = "<group>"; };
		3B01982C1B6A993D0068CF76 /* AXZAsset.h */ = {isa = PBXFileReference; fileEncoding = 4; lastKnownFileType = sourcecode.c.h; path = AXZAsset.h; sourceTree = "<group>"; };
		3B01982D1B6A993D0068CF76 /* AXZAsset.m */ = {isa = PBXFileReference; fileEncoding = 4; lastKnownFileType = sourcecode.c.objc; path = AXZAsset.m; sourceTree = "<group>"; };
		3BEB5B361B6B885C004C3647 /* CoreMotion.framework */ = {isa = PBXFileReference; lastKnownFileType = wrapper.framework; name = CoreMotion.framework; path = System/Library/Frameworks/CoreMotion.framework; sourceTree = SDKROOT; };
		3BEB5B381B6CEFC1004C3647 /* AXZWebViewController.h */ = {isa = PBXFileReference; fileEncoding = 4; lastKnownFileType = sourcecode.c.h; path = AXZWebViewController.h; sourceTree = "<group>"; };
		3BEB5B391B6CEFC1004C3647 /* AXZWebViewController.m */ = {isa = PBXFileReference; fileEncoding = 4; lastKnownFileType = sourcecode.c.objc; path = AXZWebViewController.m; sourceTree = "<group>"; };
		3BEB5B3B1B6CEFFA004C3647 /* AXZWebViewController.xib */ = {isa = PBXFileReference; fileEncoding = 4; lastKnownFileType = file.xib; path = AXZWebViewController.xib; sourceTree = "<group>"; };
		3BEB5B3D1B6CF272004C3647 /* AXZSettingViewController.h */ = {isa = PBXFileReference; fileEncoding = 4; lastKnownFileType = sourcecode.c.h; path = AXZSettingViewController.h; sourceTree = "<group>"; };
		3BEB5B3E1B6CF272004C3647 /* AXZSettingViewController.m */ = {isa = PBXFileReference; fileEncoding = 4; lastKnownFileType = sourcecode.c.objc; path = AXZSettingViewController.m; sourceTree = "<group>"; };
		3BEB5B3F1B6CF272004C3647 /* AXZSettingViewController.xib */ = {isa = PBXFileReference; fileEncoding = 4; lastKnownFileType = file.xib; path = AXZSettingViewController.xib; sourceTree = "<group>"; };
		3BEB5B471B6CF50C004C3647 /* AXZBlueToothViewController.h */ = {isa = PBXFileReference; fileEncoding = 4; lastKnownFileType = sourcecode.c.h; path = AXZBlueToothViewController.h; sourceTree = "<group>"; };
		3BEB5B481B6CF50C004C3647 /* AXZBlueToothViewController.m */ = {isa = PBXFileReference; fileEncoding = 4; lastKnownFileType = sourcecode.c.objc; path = AXZBlueToothViewController.m; sourceTree = "<group>"; };
		3BEB5B491B6CF50C004C3647 /* AXZBlueToothViewController.xib */ = {isa = PBXFileReference; fileEncoding = 4; lastKnownFileType = file.xib; path = AXZBlueToothViewController.xib; sourceTree = "<group>"; };
		3BEB5B4C1B6CF742004C3647 /* noimage@2x.png */ = {isa = PBXFileReference; lastKnownFileType = image.png; name = "noimage@2x.png"; path = "png/noimage@2x.png"; sourceTree = "<group>"; };
		3BEB5B4D1B6CF742004C3647 /* user_red_background@2x.png */ = {isa = PBXFileReference; lastKnownFileType = image.png; name = "user_red_background@2x.png"; path = "png/user_red_background@2x.png"; sourceTree = "<group>"; };
		3BEB5B521B6CF8CA004C3647 /* user_red_35_background@2x.png */ = {isa = PBXFileReference; lastKnownFileType = image.png; name = "user_red_35_background@2x.png"; path = "png/user_red_35_background@2x.png"; sourceTree = "<group>"; };
		3BEB5B541B6CFA18004C3647 /* bluetooth@2x.png */ = {isa = PBXFileReference; lastKnownFileType = image.png; name = "bluetooth@2x.png"; path = "png/bluetooth@2x.png"; sourceTree = "<group>"; };
		9D06848A1BB61BFC0046A74A /* AXZSlopeViewController.h */ = {isa = PBXFileReference; fileEncoding = 4; lastKnownFileType = sourcecode.c.h; path = AXZSlopeViewController.h; sourceTree = "<group>"; };
		9D06848B1BB61BFC0046A74A /* AXZSlopeViewController.m */ = {isa = PBXFileReference; fileEncoding = 4; lastKnownFileType = sourcecode.c.objc; path = AXZSlopeViewController.m; sourceTree = "<group>"; };
		9D06848C1BB61BFC0046A74A /* AXZSlopeViewController.xib */ = {isa = PBXFileReference; fileEncoding = 4; lastKnownFileType = file.xib; path = AXZSlopeViewController.xib; sourceTree = "<group>"; };
		9D0684911BB6256A0046A74A /* rider_slope@2x.png */ = {isa = PBXFileReference; lastKnownFileType = image.png; name = "rider_slope@2x.png"; path = "png/rider_slope@2x.png"; sourceTree = "<group>"; };
		9D0684921BB6256A0046A74A /* slope_35_background@2x.png */ = {isa = PBXFileReference; lastKnownFileType = image.png; name = "slope_35_background@2x.png"; path = "png/slope_35_background@2x.png"; sourceTree = "<group>"; };
		9D0684931BB6256A0046A74A /* slope_background@2x.png */ = {isa = PBXFileReference; lastKnownFileType = image.png; name = "slope_background@2x.png"; path = "png/slope_background@2x.png"; sourceTree = "<group>"; };
		9D0684971BB62A290046A74A /* AXZBankViewController.h */ = {isa = PBXFileReference; fileEncoding = 4; lastKnownFileType = sourcecode.c.h; path = AXZBankViewController.h; sourceTree = "<group>"; };
		9D0684981BB62A290046A74A /* AXZBankViewController.m */ = {isa = PBXFileReference; fileEncoding = 4; lastKnownFileType = sourcecode.c.objc; path = AXZBankViewController.m; sourceTree = "<group>"; };
		9D06849C1BB62AF70046A74A /* AXZBankViewController.xib */ = {isa = PBXFileReference; fileEncoding = 4; lastKnownFileType = file.xib; path = AXZBankViewController.xib; sourceTree = "<group>"; };
		9D06849E1BB62F7E0046A74A /* bank_35_background@2x.png */ = {isa = PBXFileReference; lastKnownFileType = image.png; name = "bank_35_background@2x.png"; path = "png/bank_35_background@2x.png"; sourceTree = "<group>"; };
		9D06849F1BB62F7E0046A74A /* bank_background@2x.png */ = {isa = PBXFileReference; lastKnownFileType = image.png; name = "bank_background@2x.png"; path = "png/bank_background@2x.png"; sourceTree = "<group>"; };
		9D0684AC1BB850140046A74A /* UIView+AXZUI.h */ = {isa = PBXFileReference; fileEncoding = 4; lastKnownFileType = sourcecode.c.h; path = "UIView+AXZUI.h"; sourceTree = "<group>"; };
		9D0684AD1BB850140046A74A /* UIView+AXZUI.m */ = {isa = PBXFileReference; fileEncoding = 4; lastKnownFileType = sourcecode.c.objc; path = "UIView+AXZUI.m"; sourceTree = "<group>"; };
		9D0684AF1BB85B9B0046A74A /* UILabel+AXZUI.h */ = {isa = PBXFileReference; fileEncoding = 4; lastKnownFileType = sourcecode.c.h; path = "UILabel+AXZUI.h"; sourceTree = "<group>"; };
		9D0684B01BB85B9B0046A74A /* UILabel+AXZUI.m */ = {isa = PBXFileReference; fileEncoding = 4; lastKnownFileType = sourcecode.c.objc; path = "UILabel+AXZUI.m"; sourceTree = "<group>"; };
		9D46F4F61BB5812A00C1DB69 /* arrow_left@2x.png */ = {isa = PBXFileReference; lastKnownFileType = image.png; name = "arrow_left@2x.png"; path = "png/arrow_left@2x.png"; sourceTree = "<group>"; };
		9D46F4F71BB5812A00C1DB69 /* arrow_right@2x.png */ = {isa = PBXFileReference; lastKnownFileType = image.png; name = "arrow_right@2x.png"; path = "png/arrow_right@2x.png"; sourceTree = "<group>"; };
		9D7BB5C11C2AEEB800532E0A /* km_hover_type1_55.png */ = {isa = PBXFileReference; lastKnownFileType = image.png; name = km_hover_type1_55.png; path = "Axiz Brain Red/png/km_hover_type1_55.png"; sourceTree = SOURCE_ROOT; };
		9D7BB5C21C2AEEB800532E0A /* km_hover_type2_55.png */ = {isa = PBXFileReference; lastKnownFileType = image.png; name = km_hover_type2_55.png; path = "Axiz Brain Red/png/km_hover_type2_55.png"; sourceTree = SOURCE_ROOT; };
		9D7BB5C31C2AEEB800532E0A /* km_hover_type3_55.png */ = {isa = PBXFileReference; lastKnownFileType = image.png; name = km_hover_type3_55.png; path = "Axiz Brain Red/png/km_hover_type3_55.png"; sourceTree = SOURCE_ROOT; };
		9D7BB5C41C2AEEB800532E0A /* km_type1_55.png */ = {isa = PBXFileReference; lastKnownFileType = image.png; name = km_type1_55.png; path = "Axiz Brain Red/png/km_type1_55.png"; sourceTree = SOURCE_ROOT; };
		9D7BB5C51C2AEEB800532E0A /* km_type2_55.png */ = {isa = PBXFileReference; lastKnownFileType = image.png; name = km_type2_55.png; path = "Axiz Brain Red/png/km_type2_55.png"; sourceTree = SOURCE_ROOT; };
		9D7BB5C61C2AEEB800532E0A /* km_type3_55.png */ = {isa = PBXFileReference; lastKnownFileType = image.png; name = km_type3_55.png; path = "Axiz Brain Red/png/km_type3_55.png"; sourceTree = SOURCE_ROOT; };
		9D7BB5C71C2AEEB800532E0A /* mph_hover_type1_55.png */ = {isa = PBXFileReference; lastKnownFileType = image.png; name = mph_hover_type1_55.png; path = "Axiz Brain Red/png/mph_hover_type1_55.png"; sourceTree = SOURCE_ROOT; };
		9D7BB5C81C2AEEB800532E0A /* mph_hover_type2_55.png */ = {isa = PBXFileReference; lastKnownFileType = image.png; name = mph_hover_type2_55.png; path = "Axiz Brain Red/png/mph_hover_type2_55.png"; sourceTree = SOURCE_ROOT; };
		9D7BB5C91C2AEEB800532E0A /* mph_hover_type3_55.png */ = {isa = PBXFileReference; lastKnownFileType = image.png; name = mph_hover_type3_55.png; path = "Axiz Brain Red/png/mph_hover_type3_55.png"; sourceTree = SOURCE_ROOT; };
		9D7BB5CA1C2AEEB800532E0A /* mph_type1_55.png */ = {isa = PBXFileReference; lastKnownFileType = image.png; name = mph_type1_55.png; path = "Axiz Brain Red/png/mph_type1_55.png"; sourceTree = SOURCE_ROOT; };
		9D7BB5CB1C2AEEB800532E0A /* mph_type2_55.png */ = {isa = PBXFileReference; lastKnownFileType = image.png; name = mph_type2_55.png; path = "Axiz Brain Red/png/mph_type2_55.png"; sourceTree = SOURCE_ROOT; };
		9D7BB5CC1C2AEEB800532E0A /* mph_type3_55.png */ = {isa = PBXFileReference; lastKnownFileType = image.png; name = mph_type3_55.png; path = "Axiz Brain Red/png/mph_type3_55.png"; sourceTree = SOURCE_ROOT; };
		9D9625C11C00AD290057DCE8 /* bank_if.png */ = {isa = PBXFileReference; lastKnownFileType = image.png; path = bank_if.png; sourceTree = "<group>"; };
		9D9625C21C00AD290057DCE8 /* bank_if_55.png */ = {isa = PBXFileReference; lastKnownFileType = image.png; path = bank_if_55.png; sourceTree = "<group>"; };
		9D9625C71C00AD290057DCE8 /* slope_if.png */ = {isa = PBXFileReference; lastKnownFileType = image.png; path = slope_if.png; sourceTree = "<group>"; };
		9D9625C81C00AD290057DCE8 /* slope_if_55.png */ = {isa = PBXFileReference; lastKnownFileType = image.png; path = slope_if_55.png; sourceTree = "<group>"; };
		9DDBBC131C22C36A000B9A21 /* rider_slope.png */ = {isa = PBXFileReference; lastKnownFileType = image.png; name = rider_slope.png; path = "Axiz Brain Red/png/rider_slope.png"; sourceTree = SOURCE_ROOT; };
		9DDBBC151C22D1E0000B9A21 /* hari-center.png */ = {isa = PBXFileReference; lastKnownFileType = image.png; name = "hari-center.png"; path = "png/hari-center.png"; sourceTree = "<group>"; };
		9DDBBC191C22E144000B9A21 /* rider_bank@2x.png */ = {isa = PBXFileReference; lastKnownFileType = image.png; name = "rider_bank@2x.png"; path = "Axiz Brain Red/png/rider_bank@2x.png"; sourceTree = SOURCE_ROOT; };
		9DE545041BFADE1B00400819 /* bikers_bg.png */ = {isa = PBXFileReference; lastKnownFileType = image.png; path = bikers_bg.png; sourceTree = "<group>"; };
		9DE545051BFADE1B00400819 /* bikers_if.png */ = {isa = PBXFileReference; lastKnownFileType = image.png; path = bikers_if.png; sourceTree = "<group>"; };
		9DE545061BFADE1B00400819 /* bikers_if_55.png */ = {isa = PBXFileReference; lastKnownFileType = image.png; path = bikers_if_55.png; sourceTree = "<group>"; };
		9DE545081BFADE1B00400819 /* cbr_bg.png */ = {isa = PBXFileReference; lastKnownFileType = image.png; path = cbr_bg.png; sourceTree = "<group>"; };
		9DE545091BFADE1B00400819 /* cbr_if.png */ = {isa = PBXFileReference; lastKnownFileType = image.png; path = cbr_if.png; sourceTree = "<group>"; };
		9DE5450A1BFADE1B00400819 /* cbr_if_55.png */ = {isa = PBXFileReference; lastKnownFileType = image.png; path = cbr_if_55.png; sourceTree = "<group>"; };
		9DE545111BFADE1B00400819 /* df_red_if.png */ = {isa = PBXFileReference; lastKnownFileType = image.png; path = df_red_if.png; sourceTree = "<group>"; };
		9DE545121BFADE1B00400819 /* df_red_if_55.png */ = {isa = PBXFileReference; lastKnownFileType = image.png; path = df_red_if_55.png; sourceTree = "<group>"; };
		9DE545141BFADE1B00400819 /* kkk_bg.png */ = {isa = PBXFileReference; lastKnownFileType = image.png; path = kkk_bg.png; sourceTree = "<group>"; };
		9DE545151BFADE1B00400819 /* kkk_if.png */ = {isa = PBXFileReference; lastKnownFileType = image.png; path = kkk_if.png; sourceTree = "<group>"; };
		9DE545161BFADE1B00400819 /* kkk_if_55.png */ = {isa = PBXFileReference; lastKnownFileType = image.png; path = kkk_if_55.png; sourceTree = "<group>"; };
		9DE545181BFADE1B00400819 /* mmw_if.png */ = {isa = PBXFileReference; lastKnownFileType = image.png; path = mmw_if.png; sourceTree = "<group>"; };
		9DE545191BFADE1B00400819 /* mmw_if_55.png */ = {isa = PBXFileReference; lastKnownFileType = image.png; path = mmw_if_55.png; sourceTree = "<group>"; };
		9DE5451A1BFADE1B00400819 /* motochamp_bg.png */ = {isa = PBXFileReference; lastKnownFileType = image.png; path = motochamp_bg.png; sourceTree = "<group>"; };
		9DE5451B1BFADE1B00400819 /* motomoto_bg.png */ = {isa = PBXFileReference; lastKnownFileType = image.png; path = motomoto_bg.png; sourceTree = "<group>"; };
		9DE5451C1BFADE1B00400819 /* webike_bg.png */ = {isa = PBXFileReference; lastKnownFileType = image.png; path = webike_bg.png; sourceTree = "<group>"; };
		9DE5451E1BFADE1B00400819 /* backtomain.png */ = {isa = PBXFileReference; lastKnownFileType = image.png; path = backtomain.png; sourceTree = "<group>"; };
		9DE5451F1BFADE1B00400819 /* bluetooth.png */ = {isa = PBXFileReference; lastKnownFileType = image.png; path = bluetooth.png; sourceTree = "<group>"; };
		9DE545201BFADE1B00400819 /* hari-center_55.png */ = {isa = PBXFileReference; lastKnownFileType = image.png; path = "hari-center_55.png"; sourceTree = "<group>"; };
		9DE545211BFADE1B00400819 /* info.png */ = {isa = PBXFileReference; lastKnownFileType = image.png; path = info.png; sourceTree = "<group>"; };
		9DE545241BFADE1B00400819 /* innercircle_km_type1.png */ = {isa = PBXFileReference; lastKnownFileType = image.png; path = innercircle_km_type1.png; sourceTree = "<group>"; };
		9DE545251BFADE1B00400819 /* innercircle_km_type2.png */ = {isa = PBXFileReference; lastKnownFileType = image.png; path = innercircle_km_type2.png; sourceTree = "<group>"; };
		9DE545261BFADE1B00400819 /* innercircle_km_type3.png */ = {isa = PBXFileReference; lastKnownFileType = image.png; path = innercircle_km_type3.png; sourceTree = "<group>"; };
		9DE545271BFADE1B00400819 /* innercircle_mph_type1.png */ = {isa = PBXFileReference; lastKnownFileType = image.png; path = innercircle_mph_type1.png; sourceTree = "<group>"; };
		9DE545281BFADE1B00400819 /* innercircle_mph_type2.png */ = {isa = PBXFileReference; lastKnownFileType = image.png; path = innercircle_mph_type2.png; sourceTree = "<group>"; };
		9DE545291BFADE1B00400819 /* innercircle_mph_type3.png */ = {isa = PBXFileReference; lastKnownFileType = image.png; path = innercircle_mph_type3.png; sourceTree = "<group>"; };
		9DE5452A1BFADE1B00400819 /* km_hover_type1.png */ = {isa = PBXFileReference; lastKnownFileType = image.png; path = km_hover_type1.png; sourceTree = "<group>"; };
		9DE5452B1BFADE1B00400819 /* km_hover_type2.png */ = {isa = PBXFileReference; lastKnownFileType = image.png; path = km_hover_type2.png; sourceTree = "<group>"; };
		9DE5452C1BFADE1B00400819 /* km_hover_type3.png */ = {isa = PBXFileReference; lastKnownFileType = image.png; path = km_hover_type3.png; sourceTree = "<group>"; };
		9DE5452D1BFADE1B00400819 /* km_type1.png */ = {isa = PBXFileReference; lastKnownFileType = image.png; path = km_type1.png; sourceTree = "<group>"; };
		9DE5452E1BFADE1B00400819 /* km_type2.png */ = {isa = PBXFileReference; lastKnownFileType = image.png; path = km_type2.png; sourceTree = "<group>"; };
		9DE5452F1BFADE1B00400819 /* km_type3.png */ = {isa = PBXFileReference; lastKnownFileType = image.png; path = km_type3.png; sourceTree = "<group>"; };
		9DE545301BFADE1B00400819 /* mph_hover_type1.png */ = {isa = PBXFileReference; lastKnownFileType = image.png; path = mph_hover_type1.png; sourceTree = "<group>"; };
		9DE545311BFADE1B00400819 /* mph_hover_type2.png */ = {isa = PBXFileReference; lastKnownFileType = image.png; path = mph_hover_type2.png; sourceTree = "<group>"; };
		9DE545321BFADE1B00400819 /* mph_hover_type3.png */ = {isa = PBXFileReference; lastKnownFileType = image.png; path = mph_hover_type3.png; sourceTree = "<group>"; };
		9DE545331BFADE1B00400819 /* mph_type1.png */ = {isa = PBXFileReference; lastKnownFileType = image.png; path = mph_type1.png; sourceTree = "<group>"; };
		9DE545341BFADE1B00400819 /* mph_type2.png */ = {isa = PBXFileReference; lastKnownFileType = image.png; path = mph_type2.png; sourceTree = "<group>"; };
		9DE545351BFADE1B00400819 /* mph_type3.png */ = {isa = PBXFileReference; lastKnownFileType = image.png; path = mph_type3.png; sourceTree = "<group>"; };
		9DE545371BFADE1B00400819 /* innercircle_km_type1_55.png */ = {isa = PBXFileReference; lastKnownFileType = image.png; path = innercircle_km_type1_55.png; sourceTree = "<group>"; };
		9DE545381BFADE1B00400819 /* innercircle_km_type2_55.png */ = {isa = PBXFileReference; lastKnownFileType = image.png; path = innercircle_km_type2_55.png; sourceTree = "<group>"; };
		9DE545391BFADE1B00400819 /* innercircle_km_type3_55.png */ = {isa = PBXFileReference; lastKnownFileType = image.png; path = innercircle_km_type3_55.png; sourceTree = "<group>"; };
		9DE5453A1BFADE1B00400819 /* innercircle_mph_type1_55.png */ = {isa = PBXFileReference; lastKnownFileType = image.png; path = innercircle_mph_type1_55.png; sourceTree = "<group>"; };
		9DE5453B1BFADE1B00400819 /* innercircle_mph_type2_55.png */ = {isa = PBXFileReference; lastKnownFileType = image.png; path = innercircle_mph_type2_55.png; sourceTree = "<group>"; };
		9DE5453C1BFADE1B00400819 /* innercircle_mph_type3_55.png */ = {isa = PBXFileReference; lastKnownFileType = image.png; path = innercircle_mph_type3_55.png; sourceTree = "<group>"; };
		9DE5453D1BFADE1B00400819 /* km_hover_type1_55.png */ = {isa = PBXFileReference; lastKnownFileType = image.png; path = km_hover_type1_55.png; sourceTree = "<group>"; };
		9DE5453E1BFADE1B00400819 /* km_hover_type2_55.png */ = {isa = PBXFileReference; lastKnownFileType = image.png; path = km_hover_type2_55.png; sourceTree = "<group>"; };
		9DE5453F1BFADE1B00400819 /* km_hover_type3_55.png */ = {isa = PBXFileReference; lastKnownFileType = image.png; path = km_hover_type3_55.png; sourceTree = "<group>"; };
		9DE545401BFADE1B00400819 /* km_type1_55.png */ = {isa = PBXFileReference; lastKnownFileType = image.png; path = km_type1_55.png; sourceTree = "<group>"; };
		9DE545411BFADE1B00400819 /* km_type2_55.png */ = {isa = PBXFileReference; lastKnownFileType = image.png; path = km_type2_55.png; sourceTree = "<group>"; };
		9DE545421BFADE1B00400819 /* km_type3_55.png */ = {isa = PBXFileReference; lastKnownFileType = image.png; path = km_type3_55.png; sourceTree = "<group>"; };
		9DE545431BFADE1B00400819 /* mph_hover_type1_55.png */ = {isa = PBXFileReference; lastKnownFileType = image.png; path = mph_hover_type1_55.png; sourceTree = "<group>"; };
		9DE545441BFADE1B00400819 /* mph_hover_type2_55.png */ = {isa = PBXFileReference; lastKnownFileType = image.png; path = mph_hover_type2_55.png; sourceTree = "<group>"; };
		9DE545451BFADE1B00400819 /* mph_hover_type3_55.png */ = {isa = PBXFileReference; lastKnownFileType = image.png; path = mph_hover_type3_55.png; sourceTree = "<group>"; };
		9DE545461BFADE1B00400819 /* mph_type1_55.png */ = {isa = PBXFileReference; lastKnownFileType = image.png; path = mph_type1_55.png; sourceTree = "<group>"; };
		9DE545471BFADE1B00400819 /* mph_type2_55.png */ = {isa = PBXFileReference; lastKnownFileType = image.png; path = mph_type2_55.png; sourceTree = "<group>"; };
		9DE545481BFADE1B00400819 /* mph_type3_55.png */ = {isa = PBXFileReference; lastKnownFileType = image.png; path = mph_type3_55.png; sourceTree = "<group>"; };
		9DE545491BFADE1B00400819 /* map.png */ = {isa = PBXFileReference; lastKnownFileType = image.png; path = map.png; sourceTree = "<group>"; };
		9DE5454A1BFADE1B00400819 /* reset.png */ = {isa = PBXFileReference; lastKnownFileType = image.png; path = reset.png; sourceTree = "<group>"; };
		9DE5454B1BFADE1B00400819 /* setting.png */ = {isa = PBXFileReference; lastKnownFileType = image.png; path = setting.png; sourceTree = "<group>"; };
		9DE5454C1BFADE1B00400819 /* user.png */ = {isa = PBXFileReference; lastKnownFileType = image.png; path = user.png; sourceTree = "<group>"; };
		9DE5454E1BFADE1B00400819 /* axiz.png */ = {isa = PBXFileReference; lastKnownFileType = image.png; path = axiz.png; sourceTree = "<group>"; };
		9DE5454F1BFADE1B00400819 /* axiz_55.png */ = {isa = PBXFileReference; lastKnownFileType = image.png; path = axiz_55.png; sourceTree = "<group>"; };
		9DE545501BFADE1B00400819 /* black.png */ = {isa = PBXFileReference; lastKnownFileType = image.png; path = black.png; sourceTree = "<group>"; };
		9DE545511BFADE1B00400819 /* black_55.png */ = {isa = PBXFileReference; lastKnownFileType = image.png; path = black_55.png; sourceTree = "<group>"; };
		9DE545521BFADE1B00400819 /* blue.png */ = {isa = PBXFileReference; lastKnownFileType = image.png; path = blue.png; sourceTree = "<group>"; };
		9DE545531BFADE1B00400819 /* blue_55.png */ = {isa = PBXFileReference; lastKnownFileType = image.png; path = blue_55.png; sourceTree = "<group>"; };
		9DE545541BFADE1B00400819 /* chrome.png */ = {isa = PBXFileReference; lastKnownFileType = image.png; path = chrome.png; sourceTree = "<group>"; };
		9DE545551BFADE1B00400819 /* chrome_55.png */ = {isa = PBXFileReference; lastKnownFileType = image.png; path = chrome_55.png; sourceTree = "<group>"; };
		9DE545561BFADE1B00400819 /* kiken.png */ = {isa = PBXFileReference; lastKnownFileType = image.png; path = kiken.png; sourceTree = "<group>"; };
		9DE545571BFADE1B00400819 /* kiken_55.png */ = {isa = PBXFileReference; lastKnownFileType = image.png; path = kiken_55.png; sourceTree = "<group>"; };
		9DE545581BFADE1B00400819 /* red.png */ = {isa = PBXFileReference; lastKnownFileType = image.png; path = red.png; sourceTree = "<group>"; };
		9DE545591BFADE1B00400819 /* red_55.png */ = {isa = PBXFileReference; lastKnownFileType = image.png; path = red_55.png; sourceTree = "<group>"; };
		9DE5455B1BFADE1B00400819 /* bluetooth_if.png */ = {isa = PBXFileReference; lastKnownFileType = image.png; path = bluetooth_if.png; sourceTree = "<group>"; };
		9DE5455C1BFADE1B00400819 /* bluetooth_if_55.png */ = {isa = PBXFileReference; lastKnownFileType = image.png; path = bluetooth_if_55.png; sourceTree = "<group>"; };
		9DE5455D1BFADE1B00400819 /* noimage_55.png */ = {isa = PBXFileReference; lastKnownFileType = image.png; path = noimage_55.png; sourceTree = "<group>"; };
		9DE5455E1BFADE1B00400819 /* user_black_if.png */ = {isa = PBXFileReference; lastKnownFileType = image.png; path = user_black_if.png; sourceTree = "<group>"; };
		9DE5455F1BFADE1B00400819 /* user_black_if_55.png */ = {isa = PBXFileReference; lastKnownFileType = image.png; path = user_black_if_55.png; sourceTree = "<group>"; };
		9DE545601BFADE1B00400819 /* user_blue_if.png */ = {isa = PBXFileReference; lastKnownFileType = image.png; path = user_blue_if.png; sourceTree = "<group>"; };
		9DE545611BFADE1B00400819 /* user_blue_if_55.png */ = {isa = PBXFileReference; lastKnownFileType = image.png; path = user_blue_if_55.png; sourceTree = "<group>"; };
		9DE545621BFADE1B00400819 /* user_chrome_if.png */ = {isa = PBXFileReference; lastKnownFileType = image.png; path = user_chrome_if.png; sourceTree = "<group>"; };
		9DE545631BFADE1B00400819 /* user_chrome_if_55.png */ = {isa = PBXFileReference; lastKnownFileType = image.png; path = user_chrome_if_55.png; sourceTree = "<group>"; };
		9DE545641BFADE1B00400819 /* user_red_if.png */ = {isa = PBXFileReference; lastKnownFileType = image.png; path = user_red_if.png; sourceTree = "<group>"; };
		9DE545651BFADE1B00400819 /* user_red_if_55.png */ = {isa = PBXFileReference; lastKnownFileType = image.png; path = user_red_if_55.png; sourceTree = "<group>"; };
		9DE545671BFADE1B00400819 /* xspeed_bg.png */ = {isa = PBXFileReference; lastKnownFileType = image.png; path = xspeed_bg.png; sourceTree = "<group>"; };
		9DE545681BFADE1B00400819 /* xspeed_if.png */ = {isa = PBXFileReference; lastKnownFileType = image.png; path = xspeed_if.png; sourceTree = "<group>"; };
		9DE545691BFADE1B00400819 /* xspeed_if_55.png */ = {isa = PBXFileReference; lastKnownFileType = image.png; path = xspeed_if_55.png; sourceTree = "<group>"; };
		9DE545C51BFAE2D800400819 /* df_bk_bg.png */ = {isa = PBXFileReference; lastKnownFileType = image.png; name = df_bk_bg.png; path = "Axiz Brain Red/png/df_bk_bg.png"; sourceTree = SOURCE_ROOT; };
/* End PBXFileReference section */

/* Begin PBXFrameworksBuildPhase section */
		3B0197D81B6A714A0068CF76 /* Frameworks */ = {
			isa = PBXFrameworksBuildPhase;
			buildActionMask = 2147483647;
			files = (
				3BEB5B371B6B885D004C3647 /* CoreMotion.framework in Frameworks */,
			);
			runOnlyForDeploymentPostprocessing = 0;
		};
		3B0197F11B6A714A0068CF76 /* Frameworks */ = {
			isa = PBXFrameworksBuildPhase;
			buildActionMask = 2147483647;
			files = (
			);
			runOnlyForDeploymentPostprocessing = 0;
		};
/* End PBXFrameworksBuildPhase section */

/* Begin PBXGroup section */
		3B0197D21B6A714A0068CF76 = {
			isa = PBXGroup;
			children = (
				3BEB5B361B6B885C004C3647 /* CoreMotion.framework */,
				3B0197DD1B6A714A0068CF76 /* Axiz Brain Red */,
				3B0197F71B6A714A0068CF76 /* Axiz Brain RedTests */,
				3B0197DC1B6A714A0068CF76 /* Products */,
			);
			sourceTree = "<group>";
		};
		3B0197DC1B6A714A0068CF76 /* Products */ = {
			isa = PBXGroup;
			children = (
				3B0197DB1B6A714A0068CF76 /* Axiz Brain Red.app */,
				3B0197F41B6A714A0068CF76 /* Axiz Brain RedTests.xctest */,
			);
			name = Products;
			sourceTree = "<group>";
		};
		3B0197DD1B6A714A0068CF76 /* Axiz Brain Red */ = {
			isa = PBXGroup;
			children = (
				3B0197E21B6A714A0068CF76 /* AppDelegate.h */,
				3B0197E31B6A714A0068CF76 /* AppDelegate.m */,
				3B0198041B6A723C0068CF76 /* AXZMeterView.h */,
				3B0198051B6A723C0068CF76 /* AXZMeterView.m */,
				3B0198071B6A727A0068CF76 /* AXZMeterView.xib */,
				3B0197E51B6A714A0068CF76 /* AXZHomeViewController.h */,
				3B0197E61B6A714A0068CF76 /* AXZHomeViewController.m */,
				3B01982C1B6A993D0068CF76 /* AXZAsset.h */,
				3B01982D1B6A993D0068CF76 /* AXZAsset.m */,
				9D0684AC1BB850140046A74A /* UIView+AXZUI.h */,
				9D0684AD1BB850140046A74A /* UIView+AXZUI.m */,
				9D0684AF1BB85B9B0046A74A /* UILabel+AXZUI.h */,
				9D0684B01BB85B9B0046A74A /* UILabel+AXZUI.m */,
				3BEB5B381B6CEFC1004C3647 /* AXZWebViewController.h */,
				3BEB5B391B6CEFC1004C3647 /* AXZWebViewController.m */,
				3BEB5B3B1B6CEFFA004C3647 /* AXZWebViewController.xib */,
				3BEB5B3D1B6CF272004C3647 /* AXZSettingViewController.h */,
				3BEB5B3E1B6CF272004C3647 /* AXZSettingViewController.m */,
				3BEB5B3F1B6CF272004C3647 /* AXZSettingViewController.xib */,
				3B0197E81B6A714A0068CF76 /* Main.storyboard */,
				9D06848A1BB61BFC0046A74A /* AXZSlopeViewController.h */,
				9D06848B1BB61BFC0046A74A /* AXZSlopeViewController.m */,
				9D06848C1BB61BFC0046A74A /* AXZSlopeViewController.xib */,
				9D0684971BB62A290046A74A /* AXZBankViewController.h */,
				9D0684981BB62A290046A74A /* AXZBankViewController.m */,
				9D06849C1BB62AF70046A74A /* AXZBankViewController.xib */,
				3B0197EB1B6A714A0068CF76 /* Images.xcassets */,
				3BEB5B471B6CF50C004C3647 /* AXZBlueToothViewController.h */,
				3BEB5B481B6CF50C004C3647 /* AXZBlueToothViewController.m */,
				3BEB5B491B6CF50C004C3647 /* AXZBlueToothViewController.xib */,
				3B0197ED1B6A714A0068CF76 /* LaunchScreen.xib */,
				3B0198191B6A76160068CF76 /* png */,
				3B0197DE1B6A714A0068CF76 /* Supporting Files */,
			);
			path = "Axiz Brain Red";
			sourceTree = "<group>";
		};
		3B0197DE1B6A714A0068CF76 /* Supporting Files */ = {
			isa = PBXGroup;
			children = (
				3B0197DF1B6A714A0068CF76 /* Info.plist */,
				3B0197E01B6A714A0068CF76 /* main.m */,
			);
			name = "Supporting Files";
			sourceTree = "<group>";
		};
		3B0197F71B6A714A0068CF76 /* Axiz Brain RedTests */ = {
			isa = PBXGroup;
			children = (
				3B0197FA1B6A714A0068CF76 /* Axiz_Brain_RedTests.m */,
				3B0197F81B6A714A0068CF76 /* Supporting Files */,
			);
			path = "Axiz Brain RedTests";
			sourceTree = "<group>";
		};
		3B0197F81B6A714A0068CF76 /* Supporting Files */ = {
			isa = PBXGroup;
			children = (
				3B0197F91B6A714A0068CF76 /* Info.plist */,
			);
			name = "Supporting Files";
			sourceTree = "<group>";
		};
		3B0198191B6A76160068CF76 /* png */ = {
			isa = PBXGroup;
			children = (
				9D9625C01C00AD290057DCE8 /* BANK-SLOPE */,
				9DE545031BFADE1B00400819 /* BIKERS */,
				9DE545071BFADE1B00400819 /* CBR250R */,
				9DE5450B1BFADE1B00400819 /* RED_INTERFACE */,
				9DE545131BFADE1B00400819 /* KKK */,
				9DE545171BFADE1B00400819 /* M-M-W */,
				9DE5451D1BFADE1B00400819 /* MainParts */,
				9DE5454D1BFADE1B00400819 /* SPLASH */,
				9DE5455A1BFADE1B00400819 /* User */,
				9DE545661BFADE1B00400819 /* X-SPEED */,
				9D06849E1BB62F7E0046A74A /* bank_35_background@2x.png */,
				9D06849F1BB62F7E0046A74A /* bank_background@2x.png */,
				9D46F4F61BB5812A00C1DB69 /* arrow_left@2x.png */,
				9D46F4F71BB5812A00C1DB69 /* arrow_right@2x.png */,
				9D0684911BB6256A0046A74A /* rider_slope@2x.png */,
				9D0684921BB6256A0046A74A /* slope_35_background@2x.png */,
				9D0684931BB6256A0046A74A /* slope_background@2x.png */,
				3BEB5B541B6CFA18004C3647 /* bluetooth@2x.png */,
				3BEB5B4C1B6CF742004C3647 /* noimage@2x.png */,
				3BEB5B4D1B6CF742004C3647 /* user_red_background@2x.png */,
				3B0198221B6A7C2F0068CF76 /* backtomain@2x.png */,
				3BEB5B521B6CF8CA004C3647 /* user_red_35_background@2x.png */,
				3B01981A1B6A78550068CF76 /* info@2x.png */,
				3B01981B1B6A78550068CF76 /* map@2x.png */,
				3B01981C1B6A78550068CF76 /* reset@2x.png */,
				3B01981D1B6A78550068CF76 /* user@2x.png */,
				3B01980E1B6A760D0068CF76 /* inner_circle_km_red@2x.png */,
				3B01980F1B6A760D0068CF76 /* inner_circle_mph_red@2x.png */,
				9DE545C51BFAE2D800400819 /* df_bk_bg.png */,
				9DDBBC151C22D1E0000B9A21 /* hari-center.png */,
			);
			name = png;
			sourceTree = "<group>";
		};
		9D9625C01C00AD290057DCE8 /* BANK-SLOPE */ = {
			isa = PBXGroup;
			children = (
				9D9625C11C00AD290057DCE8 /* bank_if.png */,
				9D9625C21C00AD290057DCE8 /* bank_if_55.png */,
				9D9625C71C00AD290057DCE8 /* slope_if.png */,
				9D9625C81C00AD290057DCE8 /* slope_if_55.png */,
				9DDBBC131C22C36A000B9A21 /* rider_slope.png */,
				9DDBBC191C22E144000B9A21 /* rider_bank@2x.png */,
			);
			name = "BANK-SLOPE";
			path = "Axiz Brain Red/png/BANK-SLOPE";
			sourceTree = SOURCE_ROOT;
		};
		9DE545031BFADE1B00400819 /* BIKERS */ = {
			isa = PBXGroup;
			children = (
				9DE545041BFADE1B00400819 /* bikers_bg.png */,
				9DE545051BFADE1B00400819 /* bikers_if.png */,
				9DE545061BFADE1B00400819 /* bikers_if_55.png */,
			);
			name = BIKERS;
			path = png/BIKERS;
			sourceTree = "<group>";
		};
		9DE545071BFADE1B00400819 /* CBR250R */ = {
			isa = PBXGroup;
			children = (
				9DE545081BFADE1B00400819 /* cbr_bg.png */,
				9DE545091BFADE1B00400819 /* cbr_if.png */,
				9DE5450A1BFADE1B00400819 /* cbr_if_55.png */,
			);
			name = CBR250R;
			path = png/CBR250R;
			sourceTree = "<group>";
		};
		9DE5450B1BFADE1B00400819 /* RED_INTERFACE */ = {
			isa = PBXGroup;
			children = (
				9DE545111BFADE1B00400819 /* df_red_if.png */,
				9DE545121BFADE1B00400819 /* df_red_if_55.png */,
			);
			name = RED_INTERFACE;
			path = png/DF_BLUE_RED_CHROME;
			sourceTree = "<group>";
		};
		9DE545131BFADE1B00400819 /* KKK */ = {
			isa = PBXGroup;
			children = (
				9DE545141BFADE1B00400819 /* kkk_bg.png */,
				9DE545151BFADE1B00400819 /* kkk_if.png */,
				9DE545161BFADE1B00400819 /* kkk_if_55.png */,
			);
			name = KKK;
			path = png/KKK;
			sourceTree = "<group>";
		};
		9DE545171BFADE1B00400819 /* M-M-W */ = {
			isa = PBXGroup;
			children = (
				9DE545181BFADE1B00400819 /* mmw_if.png */,
				9DE545191BFADE1B00400819 /* mmw_if_55.png */,
				9DE5451A1BFADE1B00400819 /* motochamp_bg.png */,
				9DE5451B1BFADE1B00400819 /* motomoto_bg.png */,
				9DE5451C1BFADE1B00400819 /* webike_bg.png */,
			);
			name = "M-M-W";
			path = "png/M-M-W";
			sourceTree = "<group>";
		};
		9DE5451D1BFADE1B00400819 /* MainParts */ = {
			isa = PBXGroup;
			children = (
				9DE5451E1BFADE1B00400819 /* backtomain.png */,
				9DE5451F1BFADE1B00400819 /* bluetooth.png */,
				9DE545201BFADE1B00400819 /* hari-center_55.png */,
				9DE545211BFADE1B00400819 /* info.png */,
				9DE545221BFADE1B00400819 /* InnerCircle */,
				9DE545491BFADE1B00400819 /* map.png */,
				9DE5454A1BFADE1B00400819 /* reset.png */,
				9DE5454B1BFADE1B00400819 /* setting.png */,
				9DE5454C1BFADE1B00400819 /* user.png */,
			);
			name = MainParts;
			path = png/MainParts;
			sourceTree = "<group>";
		};
		9DE545221BFADE1B00400819 /* InnerCircle */ = {
			isa = PBXGroup;
			children = (
				9DE545231BFADE1B00400819 /* 3.5-4.7inch */,
				9DE545361BFADE1B00400819 /* 5.5inch */,
			);
			path = InnerCircle;
			sourceTree = "<group>";
		};
		9DE545231BFADE1B00400819 /* 3.5-4.7inch */ = {
			isa = PBXGroup;
			children = (
				9DE545241BFADE1B00400819 /* innercircle_km_type1.png */,
				9DE545251BFADE1B00400819 /* innercircle_km_type2.png */,
				9DE545261BFADE1B00400819 /* innercircle_km_type3.png */,
				9DE545271BFADE1B00400819 /* innercircle_mph_type1.png */,
				9DE545281BFADE1B00400819 /* innercircle_mph_type2.png */,
				9DE545291BFADE1B00400819 /* innercircle_mph_type3.png */,
				9DE5452A1BFADE1B00400819 /* km_hover_type1.png */,
				9DE5452B1BFADE1B00400819 /* km_hover_type2.png */,
				9DE5452C1BFADE1B00400819 /* km_hover_type3.png */,
				9DE5452D1BFADE1B00400819 /* km_type1.png */,
				9DE5452E1BFADE1B00400819 /* km_type2.png */,
				9DE5452F1BFADE1B00400819 /* km_type3.png */,
				9DE545301BFADE1B00400819 /* mph_hover_type1.png */,
				9DE545311BFADE1B00400819 /* mph_hover_type2.png */,
				9DE545321BFADE1B00400819 /* mph_hover_type3.png */,
				9DE545331BFADE1B00400819 /* mph_type1.png */,
				9DE545341BFADE1B00400819 /* mph_type2.png */,
				9DE545351BFADE1B00400819 /* mph_type3.png */,
			);
			path = "3.5-4.7inch";
			sourceTree = "<group>";
		};
		9DE545361BFADE1B00400819 /* 5.5inch */ = {
			isa = PBXGroup;
			children = (
				9DE545371BFADE1B00400819 /* innercircle_km_type1_55.png */,
				9DE545381BFADE1B00400819 /* innercircle_km_type2_55.png */,
				9DE545391BFADE1B00400819 /* innercircle_km_type3_55.png */,
				9DE5453A1BFADE1B00400819 /* innercircle_mph_type1_55.png */,
				9DE5453B1BFADE1B00400819 /* innercircle_mph_type2_55.png */,
				9DE5453C1BFADE1B00400819 /* innercircle_mph_type3_55.png */,
				9DE5453D1BFADE1B00400819 /* km_hover_type1_55.png */,
				9DE5453E1BFADE1B00400819 /* km_hover_type2_55.png */,
				9DE5453F1BFADE1B00400819 /* km_hover_type3_55.png */,
				9DE545401BFADE1B00400819 /* km_type1_55.png */,
				9DE545411BFADE1B00400819 /* km_type2_55.png */,
				9DE545421BFADE1B00400819 /* km_type3_55.png */,
				9DE545431BFADE1B00400819 /* mph_hover_type1_55.png */,
				9DE545441BFADE1B00400819 /* mph_hover_type2_55.png */,
				9DE545451BFADE1B00400819 /* mph_hover_type3_55.png */,
				9DE545461BFADE1B00400819 /* mph_type1_55.png */,
				9DE545471BFADE1B00400819 /* mph_type2_55.png */,
				9DE545481BFADE1B00400819 /* mph_type3_55.png */,
			);
			path = 5.5inch;
			sourceTree = "<group>";
		};
		9DE5454D1BFADE1B00400819 /* SPLASH */ = {
			isa = PBXGroup;
			children = (
				9D7BB5C11C2AEEB800532E0A /* km_hover_type1_55.png */,
				9D7BB5C21C2AEEB800532E0A /* km_hover_type2_55.png */,
				9D7BB5C31C2AEEB800532E0A /* km_hover_type3_55.png */,
				9D7BB5C41C2AEEB800532E0A /* km_type1_55.png */,
				9D7BB5C51C2AEEB800532E0A /* km_type2_55.png */,
				9D7BB5C61C2AEEB800532E0A /* km_type3_55.png */,
				9D7BB5C71C2AEEB800532E0A /* mph_hover_type1_55.png */,
				9D7BB5C81C2AEEB800532E0A /* mph_hover_type2_55.png */,
				9D7BB5C91C2AEEB800532E0A /* mph_hover_type3_55.png */,
				9D7BB5CA1C2AEEB800532E0A /* mph_type1_55.png */,
				9D7BB5CB1C2AEEB800532E0A /* mph_type2_55.png */,
				9D7BB5CC1C2AEEB800532E0A /* mph_type3_55.png */,
				9DE5454E1BFADE1B00400819 /* axiz.png */,
				9DE5454F1BFADE1B00400819 /* axiz_55.png */,
				9DE545501BFADE1B00400819 /* black.png */,
				9DE545511BFADE1B00400819 /* black_55.png */,
				9DE545521BFADE1B00400819 /* blue.png */,
				9DE545531BFADE1B00400819 /* blue_55.png */,
				9DE545541BFADE1B00400819 /* chrome.png */,
				9DE545551BFADE1B00400819 /* chrome_55.png */,
				9DE545561BFADE1B00400819 /* kiken.png */,
				9DE545571BFADE1B00400819 /* kiken_55.png */,
				9DE545581BFADE1B00400819 /* red.png */,
				9DE545591BFADE1B00400819 /* red_55.png */,
			);
			name = SPLASH;
			path = png/SPLASH;
			sourceTree = "<group>";
		};
		9DE5455A1BFADE1B00400819 /* User */ = {
			isa = PBXGroup;
			children = (
				9DE5455B1BFADE1B00400819 /* bluetooth_if.png */,
				9DE5455C1BFADE1B00400819 /* bluetooth_if_55.png */,
				9DE5455D1BFADE1B00400819 /* noimage_55.png */,
				9DE5455E1BFADE1B00400819 /* user_black_if.png */,
				9DE5455F1BFADE1B00400819 /* user_black_if_55.png */,
				9DE545601BFADE1B00400819 /* user_blue_if.png */,
				9DE545611BFADE1B00400819 /* user_blue_if_55.png */,
				9DE545621BFADE1B00400819 /* user_chrome_if.png */,
				9DE545631BFADE1B00400819 /* user_chrome_if_55.png */,
				9DE545641BFADE1B00400819 /* user_red_if.png */,
				9DE545651BFADE1B00400819 /* user_red_if_55.png */,
			);
			name = User;
			path = png/User;
			sourceTree = "<group>";
		};
		9DE545661BFADE1B00400819 /* X-SPEED */ = {
			isa = PBXGroup;
			children = (
				9DE545671BFADE1B00400819 /* xspeed_bg.png */,
				9DE545681BFADE1B00400819 /* xspeed_if.png */,
				9DE545691BFADE1B00400819 /* xspeed_if_55.png */,
			);
			name = "X-SPEED";
			path = "png/X-SPEED";
			sourceTree = "<group>";
		};
/* End PBXGroup section */

/* Begin PBXNativeTarget section */
		3B0197DA1B6A714A0068CF76 /* Axiz Brain Red */ = {
			isa = PBXNativeTarget;
			buildConfigurationList = 3B0197FE1B6A714A0068CF76 /* Build configuration list for PBXNativeTarget "Axiz Brain Red" */;
			buildPhases = (
				3B0197D71B6A714A0068CF76 /* Sources */,
				3B0197D81B6A714A0068CF76 /* Frameworks */,
				3B0197D91B6A714A0068CF76 /* Resources */,
			);
			buildRules = (
			);
			dependencies = (
			);
			name = "Axiz Brain Red";
			productName = "Axiz Brain Red";
			productReference = 3B0197DB1B6A714A0068CF76 /* Axiz Brain Red.app */;
			productType = "com.apple.product-type.application";
		};
		3B0197F31B6A714A0068CF76 /* Axiz Brain RedTests */ = {
			isa = PBXNativeTarget;
			buildConfigurationList = 3B0198011B6A714A0068CF76 /* Build configuration list for PBXNativeTarget "Axiz Brain RedTests" */;
			buildPhases = (
				3B0197F01B6A714A0068CF76 /* Sources */,
				3B0197F11B6A714A0068CF76 /* Frameworks */,
				3B0197F21B6A714A0068CF76 /* Resources */,
			);
			buildRules = (
			);
			dependencies = (
				3B0197F61B6A714A0068CF76 /* PBXTargetDependency */,
			);
			name = "Axiz Brain RedTests";
			productName = "Axiz Brain RedTests";
			productReference = 3B0197F41B6A714A0068CF76 /* Axiz Brain RedTests.xctest */;
			productType = "com.apple.product-type.bundle.unit-test";
		};
/* End PBXNativeTarget section */

/* Begin PBXProject section */
		3B0197D31B6A714A0068CF76 /* Project object */ = {
			isa = PBXProject;
			attributes = {
				LastUpgradeCheck = 0630;
				ORGANIZATIONNAME = tatsuleft;
				TargetAttributes = {
					3B0197DA1B6A714A0068CF76 = {
						CreatedOnToolsVersion = 6.3.2;
					};
					3B0197F31B6A714A0068CF76 = {
						CreatedOnToolsVersion = 6.3.2;
						TestTargetID = 3B0197DA1B6A714A0068CF76;
					};
				};
			};
			buildConfigurationList = 3B0197D61B6A714A0068CF76 /* Build configuration list for PBXProject "Axiz Brain Red" */;
			compatibilityVersion = "Xcode 3.2";
			developmentRegion = English;
			hasScannedForEncodings = 0;
			knownRegions = (
				en,
				Base,
			);
			mainGroup = 3B0197D21B6A714A0068CF76;
			productRefGroup = 3B0197DC1B6A714A0068CF76 /* Products */;
			projectDirPath = "";
			projectRoot = "";
			targets = (
				3B0197DA1B6A714A0068CF76 /* Axiz Brain Red */,
				3B0197F31B6A714A0068CF76 /* Axiz Brain RedTests */,
			);
		};
/* End PBXProject section */

/* Begin PBXResourcesBuildPhase section */
		3B0197D91B6A714A0068CF76 /* Resources */ = {
			isa = PBXResourcesBuildPhase;
			buildActionMask = 2147483647;
			files = (
				3B0198161B6A760D0068CF76 /* inner_circle_km_red@2x.png in Resources */,
				3BEB5B531B6CF8CA004C3647 /* user_red_35_background@2x.png in Resources */,
				9DE5459A1BFADE1B00400819 /* innercircle_mph_type3_55.png in Resources */,
				9DE545C41BFADE1B00400819 /* xspeed_if_55.png in Resources */,
				9DE5456A1BFADE1B00400819 /* bikers_bg.png in Resources */,
				9DE545931BFADE1B00400819 /* mph_type2.png in Resources */,
				9DE5457F1BFADE1B00400819 /* backtomain.png in Resources */,
				3B0198201B6A78550068CF76 /* reset@2x.png in Resources */,
				3B0197EA1B6A714A0068CF76 /* Main.storyboard in Resources */,
				9DE5459F1BFADE1B00400819 /* km_type2_55.png in Resources */,
				9DE5459E1BFADE1B00400819 /* km_type1_55.png in Resources */,
				9DE545A81BFADE1B00400819 /* reset.png in Resources */,
				9DE5458F1BFADE1B00400819 /* mph_hover_type1.png in Resources */,
				9DE545961BFADE1B00400819 /* innercircle_km_type2_55.png in Resources */,
				9DE545AA1BFADE1B00400819 /* user.png in Resources */,
				9DE545941BFADE1B00400819 /* mph_type3.png in Resources */,
				9DE5459B1BFADE1B00400819 /* km_hover_type1_55.png in Resources */,
				9DE545891BFADE1B00400819 /* km_hover_type1.png in Resources */,
				9DE545761BFADE1B00400819 /* df_red_if_55.png in Resources */,
				9DE545AC1BFADE1B00400819 /* axiz_55.png in Resources */,
				9DE545A61BFADE1B00400819 /* mph_type3_55.png in Resources */,
				9DE5458E1BFADE1B00400819 /* km_type3.png in Resources */,
				9D7BB5D21C2AEEB800532E0A /* km_type3_55.png in Resources */,
				9DE545B01BFADE1B00400819 /* blue_55.png in Resources */,
				3B0198171B6A760D0068CF76 /* inner_circle_mph_red@2x.png in Resources */,
				9DE545B31BFADE1B00400819 /* kiken.png in Resources */,
				9D0684951BB6256A0046A74A /* slope_35_background@2x.png in Resources */,
				3B01981F1B6A78550068CF76 /* map@2x.png in Resources */,
				9D0684A01BB62F7E0046A74A /* bank_35_background@2x.png in Resources */,
				9DE545BB1BFADE1B00400819 /* user_black_if_55.png in Resources */,
				9DE5457B1BFADE1B00400819 /* mmw_if_55.png in Resources */,
				9DE545AD1BFADE1B00400819 /* black.png in Resources */,
				9DE545821BFADE1B00400819 /* info.png in Resources */,
				9DE545AF1BFADE1B00400819 /* blue.png in Resources */,
				9DE545A71BFADE1B00400819 /* map.png in Resources */,
				9DE545831BFADE1B00400819 /* innercircle_km_type1.png in Resources */,
				9DE545811BFADE1B00400819 /* hari-center_55.png in Resources */,
				9DE545B11BFADE1B00400819 /* chrome.png in Resources */,
				3B0198081B6A727A0068CF76 /* AXZMeterView.xib in Resources */,
				9D7BB5D01C2AEEB800532E0A /* km_type1_55.png in Resources */,
				9DE545801BFADE1B00400819 /* bluetooth.png in Resources */,
				9D9625D01C00AD290057DCE8 /* slope_if_55.png in Resources */,
				9D7BB5D61C2AEEB800532E0A /* mph_type1_55.png in Resources */,
				9DE545BE1BFADE1B00400819 /* user_chrome_if.png in Resources */,
				9DE545B41BFADE1B00400819 /* kiken_55.png in Resources */,
				9DE545971BFADE1B00400819 /* innercircle_km_type3_55.png in Resources */,
				9DE545791BFADE1B00400819 /* kkk_if_55.png in Resources */,
				9DE545771BFADE1B00400819 /* kkk_bg.png in Resources */,
				9DE5458C1BFADE1B00400819 /* km_type1.png in Resources */,
				3BEB5B4F1B6CF742004C3647 /* user_red_background@2x.png in Resources */,
				9D7BB5D31C2AEEB800532E0A /* mph_hover_type1_55.png in Resources */,
				3BEB5B4E1B6CF742004C3647 /* noimage@2x.png in Resources */,
				9D0684941BB6256A0046A74A /* rider_slope@2x.png in Resources */,
				9D7BB5D11C2AEEB800532E0A /* km_type2_55.png in Resources */,
				9DE545781BFADE1B00400819 /* kkk_if.png in Resources */,
				9D7BB5D41C2AEEB800532E0A /* mph_hover_type2_55.png in Resources */,
				9DE545BA1BFADE1B00400819 /* user_black_if.png in Resources */,
				9DE545851BFADE1B00400819 /* innercircle_km_type3.png in Resources */,
				9DE5459D1BFADE1B00400819 /* km_hover_type3_55.png in Resources */,
				9DE5457E1BFADE1B00400819 /* webike_bg.png in Resources */,
				9D7BB5D51C2AEEB800532E0A /* mph_hover_type3_55.png in Resources */,
				3BEB5B411B6CF272004C3647 /* AXZSettingViewController.xib in Resources */,
				9DE545B61BFADE1B00400819 /* red_55.png in Resources */,
				9D46F4F91BB5812A00C1DB69 /* arrow_right@2x.png in Resources */,
				9DE545A91BFADE1B00400819 /* setting.png in Resources */,
				9DDBBC1A1C22E144000B9A21 /* rider_bank@2x.png in Resources */,
				9DE545841BFADE1B00400819 /* innercircle_km_type2.png in Resources */,
				9DE545901BFADE1B00400819 /* mph_hover_type2.png in Resources */,
				9DE5457A1BFADE1B00400819 /* mmw_if.png in Resources */,
				9DE545AB1BFADE1B00400819 /* axiz.png in Resources */,
				9DE545B21BFADE1B00400819 /* chrome_55.png in Resources */,
				9DE545C11BFADE1B00400819 /* user_red_if_55.png in Resources */,
				9DE545B71BFADE1B00400819 /* bluetooth_if.png in Resources */,
				3B0198211B6A78550068CF76 /* user@2x.png in Resources */,
				9D7BB5D81C2AEEB800532E0A /* mph_type3_55.png in Resources */,
				9DE545BC1BFADE1B00400819 /* user_blue_if.png in Resources */,
				3B0197EF1B6A714A0068CF76 /* LaunchScreen.xib in Resources */,
				9DDBBC161C22D1E0000B9A21 /* hari-center.png in Resources */,
				9DE5458A1BFADE1B00400819 /* km_hover_type2.png in Resources */,
				9DE545A01BFADE1B00400819 /* km_type3_55.png in Resources */,
				3BEB5B551B6CFA18004C3647 /* bluetooth@2x.png in Resources */,
				9D7BB5CF1C2AEEB800532E0A /* km_hover_type3_55.png in Resources */,
				9DE545921BFADE1B00400819 /* mph_type1.png in Resources */,
				9DE545981BFADE1B00400819 /* innercircle_mph_type1_55.png in Resources */,
				9DE545B81BFADE1B00400819 /* bluetooth_if_55.png in Resources */,
				9DE5456B1BFADE1B00400819 /* bikers_if.png in Resources */,
				9DE545B91BFADE1B00400819 /* noimage_55.png in Resources */,
				9D9625CF1C00AD290057DCE8 /* slope_if.png in Resources */,
				9DE545911BFADE1B00400819 /* mph_hover_type3.png in Resources */,
				9DE545BF1BFADE1B00400819 /* user_chrome_if_55.png in Resources */,
				3B0197EC1B6A714A0068CF76 /* Images.xcassets in Resources */,
				3BEB5B4B1B6CF50C004C3647 /* AXZBlueToothViewController.xib in Resources */,
				9DE545BD1BFADE1B00400819 /* user_blue_if_55.png in Resources */,
				9D06849D1BB62AF70046A74A /* AXZBankViewController.xib in Resources */,
				9DE545951BFADE1B00400819 /* innercircle_km_type1_55.png in Resources */,
				9DE545A21BFADE1B00400819 /* mph_hover_type2_55.png in Resources */,
				9D0684961BB6256A0046A74A /* slope_background@2x.png in Resources */,
				9DE545A41BFADE1B00400819 /* mph_type1_55.png in Resources */,
				9DE545B51BFADE1B00400819 /* red.png in Resources */,
				9DE545C01BFADE1B00400819 /* user_red_if.png in Resources */,
				9DE5456D1BFADE1B00400819 /* cbr_bg.png in Resources */,
				9DE545AE1BFADE1B00400819 /* black_55.png in Resources */,
				9DDBBC141C22C36A000B9A21 /* rider_slope.png in Resources */,
				9DE545991BFADE1B00400819 /* innercircle_mph_type2_55.png in Resources */,
				9DE545A51BFADE1B00400819 /* mph_type2_55.png in Resources */,
				9DE545871BFADE1B00400819 /* innercircle_mph_type2.png in Resources */,
				3B0198231B6A7C2F0068CF76 /* backtomain@2x.png in Resources */,
				9D9625CA1C00AD290057DCE8 /* bank_if_55.png in Resources */,
				9DE5457C1BFADE1B00400819 /* motochamp_bg.png in Resources */,
				9DE545C81BFAE2D800400819 /* df_bk_bg.png in Resources */,
				9DE545861BFADE1B00400819 /* innercircle_mph_type1.png in Resources */,
				9D0684901BB61BFC0046A74A /* AXZSlopeViewController.xib in Resources */,
				3B01981E1B6A78550068CF76 /* info@2x.png in Resources */,
				9DE5457D1BFADE1B00400819 /* motomoto_bg.png in Resources */,
				9DE5456F1BFADE1B00400819 /* cbr_if_55.png in Resources */,
				9DE5456C1BFADE1B00400819 /* bikers_if_55.png in Resources */,
				9D9625C91C00AD290057DCE8 /* bank_if.png in Resources */,
				9DE545A11BFADE1B00400819 /* mph_hover_type1_55.png in Resources */,
				9D7BB5CD1C2AEEB800532E0A /* km_hover_type1_55.png in Resources */,
				9DE5456E1BFADE1B00400819 /* cbr_if.png in Resources */,
				9DE5458D1BFADE1B00400819 /* km_type2.png in Resources */,
				3BEB5B3C1B6CEFFA004C3647 /* AXZWebViewController.xib in Resources */,
				9DE545A31BFADE1B00400819 /* mph_hover_type3_55.png in Resources */,
				9D0684A11BB62F7E0046A74A /* bank_background@2x.png in Resources */,
				9DE545C31BFADE1B00400819 /* xspeed_if.png in Resources */,
				9DE545C21BFADE1B00400819 /* xspeed_bg.png in Resources */,
				9D7BB5D71C2AEEB800532E0A /* mph_type2_55.png in Resources */,
				9DE545751BFADE1B00400819 /* df_red_if.png in Resources */,
				9DE545881BFADE1B00400819 /* innercircle_mph_type3.png in Resources */,
				9D46F4F81BB5812A00C1DB69 /* arrow_left@2x.png in Resources */,
				9DE5458B1BFADE1B00400819 /* km_hover_type3.png in Resources */,
				9DE5459C1BFADE1B00400819 /* km_hover_type2_55.png in Resources */,
				9D7BB5CE1C2AEEB800532E0A /* km_hover_type2_55.png in Resources */,
			);
			runOnlyForDeploymentPostprocessing = 0;
		};
		3B0197F21B6A714A0068CF76 /* Resources */ = {
			isa = PBXResourcesBuildPhase;
			buildActionMask = 2147483647;
			files = (
			);
			runOnlyForDeploymentPostprocessing = 0;
		};
/* End PBXResourcesBuildPhase section */

/* Begin PBXSourcesBuildPhase section */
		3B0197D71B6A714A0068CF76 /* Sources */ = {
			isa = PBXSourcesBuildPhase;
			buildActionMask = 2147483647;
			files = (
				3B0198061B6A723C0068CF76 /* AXZMeterView.m in Sources */,
				3BEB5B4A1B6CF50C004C3647 /* AXZBlueToothViewController.m in Sources */,
				3BEB5B401B6CF272004C3647 /* AXZSettingViewController.m in Sources */,
				3B01982E1B6A993D0068CF76 /* AXZAsset.m in Sources */,
				9D0684B11BB85B9B0046A74A /* UILabel+AXZUI.m in Sources */,
				9D06849A1BB62A290046A74A /* AXZBankViewController.m in Sources */,
				3B0197E71B6A714A0068CF76 /* AXZHomeViewController.m in Sources */,
				3BEB5B3A1B6CEFC1004C3647 /* AXZWebViewController.m in Sources */,
				9D06848F1BB61BFC0046A74A /* AXZSlopeViewController.m in Sources */,
				9D0684AE1BB850140046A74A /* UIView+AXZUI.m in Sources */,
				3B0197E41B6A714A0068CF76 /* AppDelegate.m in Sources */,
				3B0197E11B6A714A0068CF76 /* main.m in Sources */,
			);
			runOnlyForDeploymentPostprocessing = 0;
		};
		3B0197F01B6A714A0068CF76 /* Sources */ = {
			isa = PBXSourcesBuildPhase;
			buildActionMask = 2147483647;
			files = (
				3B0197FB1B6A714A0068CF76 /* Axiz_Brain_RedTests.m in Sources */,
			);
			runOnlyForDeploymentPostprocessing = 0;
		};
/* End PBXSourcesBuildPhase section */

/* Begin PBXTargetDependency section */
		3B0197F61B6A714A0068CF76 /* PBXTargetDependency */ = {
			isa = PBXTargetDependency;
			target = 3B0197DA1B6A714A0068CF76 /* Axiz Brain Red */;
			targetProxy = 3B0197F51B6A714A0068CF76 /* PBXContainerItemProxy */;
		};
/* End PBXTargetDependency section */

/* Begin PBXVariantGroup section */
		3B0197E81B6A714A0068CF76 /* Main.storyboard */ = {
			isa = PBXVariantGroup;
			children = (
				3B0197E91B6A714A0068CF76 /* Base */,
			);
			name = Main.storyboard;
			sourceTree = "<group>";
		};
		3B0197ED1B6A714A0068CF76 /* LaunchScreen.xib */ = {
			isa = PBXVariantGroup;
			children = (
				3B0197EE1B6A714A0068CF76 /* Base */,
			);
			name = LaunchScreen.xib;
			sourceTree = "<group>";
		};
/* End PBXVariantGroup section */

/* Begin XCBuildConfiguration section */
		3B0197FC1B6A714A0068CF76 /* Debug */ = {
			isa = XCBuildConfiguration;
			buildSettings = {
				ALWAYS_SEARCH_USER_PATHS = NO;
				CLANG_CXX_LANGUAGE_STANDARD = "gnu++0x";
				CLANG_CXX_LIBRARY = "libc++";
				CLANG_ENABLE_MODULES = YES;
				CLANG_ENABLE_OBJC_ARC = YES;
				CLANG_WARN_BOOL_CONVERSION = YES;
				CLANG_WARN_CONSTANT_CONVERSION = YES;
				CLANG_WARN_DIRECT_OBJC_ISA_USAGE = YES_ERROR;
				CLANG_WARN_EMPTY_BODY = YES;
				CLANG_WARN_ENUM_CONVERSION = YES;
				CLANG_WARN_INT_CONVERSION = YES;
				CLANG_WARN_OBJC_ROOT_CLASS = YES_ERROR;
				CLANG_WARN_UNREACHABLE_CODE = YES;
				CLANG_WARN__DUPLICATE_METHOD_MATCH = YES;
				"CODE_SIGN_IDENTITY[sdk=iphoneos*]" = "iPhone Developer";
				COPY_PHASE_STRIP = NO;
				DEBUG_INFORMATION_FORMAT = "dwarf-with-dsym";
				ENABLE_STRICT_OBJC_MSGSEND = YES;
				GCC_C_LANGUAGE_STANDARD = gnu99;
				GCC_DYNAMIC_NO_PIC = NO;
				GCC_NO_COMMON_BLOCKS = YES;
				GCC_OPTIMIZATION_LEVEL = 0;
				GCC_PREPROCESSOR_DEFINITIONS = (
					"DEBUG=1",
					"$(inherited)",
				);
				GCC_SYMBOLS_PRIVATE_EXTERN = NO;
				GCC_WARN_64_TO_32_BIT_CONVERSION = YES;
				GCC_WARN_ABOUT_RETURN_TYPE = YES_ERROR;
				GCC_WARN_UNDECLARED_SELECTOR = YES;
				GCC_WARN_UNINITIALIZED_AUTOS = YES_AGGRESSIVE;
				GCC_WARN_UNUSED_FUNCTION = YES;
				GCC_WARN_UNUSED_VARIABLE = YES;
				IPHONEOS_DEPLOYMENT_TARGET = 8.3;
				MTL_ENABLE_DEBUG_INFO = YES;
				ONLY_ACTIVE_ARCH = YES;
				SDKROOT = iphoneos;
			};
			name = Debug;
		};
		3B0197FD1B6A714A0068CF76 /* Release */ = {
			isa = XCBuildConfiguration;
			buildSettings = {
				ALWAYS_SEARCH_USER_PATHS = NO;
				CLANG_CXX_LANGUAGE_STANDARD = "gnu++0x";
				CLANG_CXX_LIBRARY = "libc++";
				CLANG_ENABLE_MODULES = YES;
				CLANG_ENABLE_OBJC_ARC = YES;
				CLANG_WARN_BOOL_CONVERSION = YES;
				CLANG_WARN_CONSTANT_CONVERSION = YES;
				CLANG_WARN_DIRECT_OBJC_ISA_USAGE = YES_ERROR;
				CLANG_WARN_EMPTY_BODY = YES;
				CLANG_WARN_ENUM_CONVERSION = YES;
				CLANG_WARN_INT_CONVERSION = YES;
				CLANG_WARN_OBJC_ROOT_CLASS = YES_ERROR;
				CLANG_WARN_UNREACHABLE_CODE = YES;
				CLANG_WARN__DUPLICATE_METHOD_MATCH = YES;
				"CODE_SIGN_IDENTITY[sdk=iphoneos*]" = "iPhone Developer";
				COPY_PHASE_STRIP = NO;
				DEBUG_INFORMATION_FORMAT = "dwarf-with-dsym";
				ENABLE_NS_ASSERTIONS = NO;
				ENABLE_STRICT_OBJC_MSGSEND = YES;
				GCC_C_LANGUAGE_STANDARD = gnu99;
				GCC_NO_COMMON_BLOCKS = YES;
				GCC_WARN_64_TO_32_BIT_CONVERSION = YES;
				GCC_WARN_ABOUT_RETURN_TYPE = YES_ERROR;
				GCC_WARN_UNDECLARED_SELECTOR = YES;
				GCC_WARN_UNINITIALIZED_AUTOS = YES_AGGRESSIVE;
				GCC_WARN_UNUSED_FUNCTION = YES;
				GCC_WARN_UNUSED_VARIABLE = YES;
				IPHONEOS_DEPLOYMENT_TARGET = 8.3;
				MTL_ENABLE_DEBUG_INFO = NO;
				SDKROOT = iphoneos;
				VALIDATE_PRODUCT = YES;
			};
			name = Release;
		};
		3B0197FF1B6A714A0068CF76 /* Debug */ = {
			isa = XCBuildConfiguration;
			buildSettings = {
				ASSETCATALOG_COMPILER_APPICON_NAME = AppIcon;
				INFOPLIST_FILE = "Axiz Brain Red/Info.plist";
				IPHONEOS_DEPLOYMENT_TARGET = 8.4;
				LD_RUNPATH_SEARCH_PATHS = "$(inherited) @executable_path/Frameworks";
				PRODUCT_NAME = "$(TARGET_NAME)";
			};
			name = Debug;
		};
		3B0198001B6A714A0068CF76 /* Release */ = {
			isa = XCBuildConfiguration;
			buildSettings = {
				ASSETCATALOG_COMPILER_APPICON_NAME = AppIcon;
				INFOPLIST_FILE = "Axiz Brain Red/Info.plist";
				IPHONEOS_DEPLOYMENT_TARGET = 8.4;
				LD_RUNPATH_SEARCH_PATHS = "$(inherited) @executable_path/Frameworks";
				PRODUCT_NAME = "$(TARGET_NAME)";
			};
			name = Release;
		};
		3B0198021B6A714A0068CF76 /* Debug */ = {
			isa = XCBuildConfiguration;
			buildSettings = {
				BUNDLE_LOADER = "$(TEST_HOST)";
				FRAMEWORK_SEARCH_PATHS = (
					"$(SDKROOT)/Developer/Library/Frameworks",
					"$(inherited)",
				);
				GCC_PREPROCESSOR_DEFINITIONS = (
					"DEBUG=1",
					"$(inherited)",
				);
				INFOPLIST_FILE = "Axiz Brain RedTests/Info.plist";
				LD_RUNPATH_SEARCH_PATHS = "$(inherited) @executable_path/Frameworks @loader_path/Frameworks";
				PRODUCT_NAME = "$(TARGET_NAME)";
				TEST_HOST = "$(BUILT_PRODUCTS_DIR)/Axiz Brain Red.app/Axiz Brain Red";
			};
			name = Debug;
		};
		3B0198031B6A714A0068CF76 /* Release */ = {
			isa = XCBuildConfiguration;
			buildSettings = {
				BUNDLE_LOADER = "$(TEST_HOST)";
				FRAMEWORK_SEARCH_PATHS = (
					"$(SDKROOT)/Developer/Library/Frameworks",
					"$(inherited)",
				);
				INFOPLIST_FILE = "Axiz Brain RedTests/Info.plist";
				LD_RUNPATH_SEARCH_PATHS = "$(inherited) @executable_path/Frameworks @loader_path/Frameworks";
				PRODUCT_NAME = "$(TARGET_NAME)";
				TEST_HOST = "$(BUILT_PRODUCTS_DIR)/Axiz Brain Red.app/Axiz Brain Red";
			};
			name = Release;
		};
/* End XCBuildConfiguration section */

/* Begin XCConfigurationList section */
		3B0197D61B6A714A0068CF76 /* Build configuration list for PBXProject "Axiz Brain Red" */ = {
			isa = XCConfigurationList;
			buildConfigurations = (
				3B0197FC1B6A714A0068CF76 /* Debug */,
				3B0197FD1B6A714A0068CF76 /* Release */,
			);
			defaultConfigurationIsVisible = 0;
			defaultConfigurationName = Release;
		};
		3B0197FE1B6A714A0068CF76 /* Build configuration list for PBXNativeTarget "Axiz Brain Red" */ = {
			isa = XCConfigurationList;
			buildConfigurations = (
				3B0197FF1B6A714A0068CF76 /* Debug */,
				3B0198001B6A714A0068CF76 /* Release */,
			);
			defaultConfigurationIsVisible = 0;
			defaultConfigurationName = Release;
		};
		3B0198011B6A714A0068CF76 /* Build configuration list for PBXNativeTarget "Axiz Brain RedTests" */ = {
			isa = XCConfigurationList;
			buildConfigurations = (
				3B0198021B6A714A0068CF76 /* Debug */,
				3B0198031B6A714A0068CF76 /* Release */,
			);
			defaultConfigurationIsVisible = 0;
			defaultConfigurationName = Release;
		};
/* End XCConfigurationList section */
	};
	rootObject = 3B0197D31B6A714A0068CF76 /* Project object */;
}
